// !$*UTF8*$!
{
	archiveVersion = 1;
	classes = {
	};
	objectVersion = 46;
	objects = {

/* Begin PBXBuildFile section */
		55DDB1BD145A27C200D7991C /* Foundation.framework in Frameworks */ = {isa = PBXBuildFile; fileRef = 55DDB1BC145A27C200D7991C /* Foundation.framework */; };
		55DDB1C3145A27C200D7991C /* SimplOODSS.m in Sources */ = {isa = PBXBuildFile; fileRef = 55DDB1C2145A27C200D7991C /* SimplOODSS.m */; };
/* End PBXBuildFile section */

/* Begin PBXFileReference section */
		5538EDD5145A2964008173D8 /* UIKit.framework */ = {isa = PBXFileReference; lastKnownFileType = wrapper.framework; name = UIKit.framework; path = System/Library/Frameworks/UIKit.framework; sourceTree = SDKROOT; };
		5538EDD8145A2964008173D8 /* CoreGraphics.framework */ = {isa = PBXFileReference; lastKnownFileType = wrapper.framework; name = CoreGraphics.framework; path = System/Library/Frameworks/CoreGraphics.framework; sourceTree = SDKROOT; };
		55DDB1B9145A27C200D7991C /* libSimplOODSS.a */ = {isa = PBXFileReference; explicitFileType = archive.ar; includeInIndex = 0; path = libSimplOODSS.a; sourceTree = BUILT_PRODUCTS_DIR; };
		55DDB1BC145A27C200D7991C /* Foundation.framework */ = {isa = PBXFileReference; lastKnownFileType = wrapper.framework; name = Foundation.framework; path = System/Library/Frameworks/Foundation.framework; sourceTree = SDKROOT; };
		55DDB1C0145A27C200D7991C /* SimplOODSS-Prefix.pch */ = {isa = PBXFileReference; lastKnownFileType = sourcecode.c.h; path = "SimplOODSS-Prefix.pch"; sourceTree = "<group>"; };
		55DDB1C1145A27C200D7991C /* SimplOODSS.h */ = {isa = PBXFileReference; lastKnownFileType = sourcecode.c.h; path = SimplOODSS.h; sourceTree = "<group>"; };
		55DDB1C2145A27C200D7991C /* SimplOODSS.m */ = {isa = PBXFileReference; lastKnownFileType = sourcecode.c.objc; path = SimplOODSS.m; sourceTree = "<group>"; };
/* End PBXFileReference section */

/* Begin PBXFrameworksBuildPhase section */
		55DDB1B6145A27C200D7991C /* Frameworks */ = {
			isa = PBXFrameworksBuildPhase;
			buildActionMask = 2147483647;
			files = (
				55DDB1BD145A27C200D7991C /* Foundation.framework in Frameworks */,
			);
			runOnlyForDeploymentPostprocessing = 0;
		};
/* End PBXFrameworksBuildPhase section */

/* Begin PBXGroup section */
		55DDB1AE145A27C200D7991C = {
			isa = PBXGroup;
			children = (
				55DDB1BE145A27C200D7991C /* SimplOODSS */,
				55DDB1BB145A27C200D7991C /* Frameworks */,
				55DDB1BA145A27C200D7991C /* Products */,
			);
			sourceTree = "<group>";
		};
		55DDB1BA145A27C200D7991C /* Products */ = {
			isa = PBXGroup;
			children = (
				55DDB1B9145A27C200D7991C /* libSimplOODSS.a */,
			);
			name = Products;
			sourceTree = "<group>";
		};
		55DDB1BB145A27C200D7991C /* Frameworks */ = {
			isa = PBXGroup;
			children = (
				55DDB1BC145A27C200D7991C /* Foundation.framework */,
				5538EDD5145A2964008173D8 /* UIKit.framework */,
				5538EDD8145A2964008173D8 /* CoreGraphics.framework */,
			);
			name = Frameworks;
			sourceTree = "<group>";
		};
		55DDB1BE145A27C200D7991C /* SimplOODSS */ = {
			isa = PBXGroup;
			children = (
				55DDB1C1145A27C200D7991C /* SimplOODSS.h */,
				55DDB1C2145A27C200D7991C /* SimplOODSS.m */,
				55DDB1BF145A27C200D7991C /* Supporting Files */,
			);
			path = SimplOODSS;
			sourceTree = "<group>";
		};
		55DDB1BF145A27C200D7991C /* Supporting Files */ = {
			isa = PBXGroup;
			children = (
				55DDB1C0145A27C200D7991C /* SimplOODSS-Prefix.pch */,
			);
			name = "Supporting Files";
			sourceTree = "<group>";
		};
/* End PBXGroup section */

/* Begin PBXHeadersBuildPhase section */
		55DDB1B7145A27C200D7991C /* Headers */ = {
			isa = PBXHeadersBuildPhase;
			buildActionMask = 2147483647;
			files = (
			);
			runOnlyForDeploymentPostprocessing = 0;
		};
/* End PBXHeadersBuildPhase section */

/* Begin PBXNativeTarget section */
		55DDB1B8145A27C200D7991C /* SimplOODSS */ = {
			isa = PBXNativeTarget;
			buildConfigurationList = 55DDB1C6145A27C200D7991C /* Build configuration list for PBXNativeTarget "SimplOODSS" */;
			buildPhases = (
				55DDB1B5145A27C200D7991C /* Sources */,
				55DDB1B6145A27C200D7991C /* Frameworks */,
				55DDB1B7145A27C200D7991C /* Headers */,
			);
			buildRules = (
			);
			dependencies = (
			);
			name = SimplOODSS;
			productName = SimplOODSS;
			productReference = 55DDB1B9145A27C200D7991C /* libSimplOODSS.a */;
			productType = "com.apple.product-type.library.static";
		};
/* End PBXNativeTarget section */

/* Begin PBXProject section */
		55DDB1B0145A27C200D7991C /* Project object */ = {
			isa = PBXProject;
			attributes = {
				LastUpgradeCheck = 0420;
				ORGANIZATIONNAME = "Texas A&M University";
			};
			buildConfigurationList = 55DDB1B3145A27C200D7991C /* Build configuration list for PBXProject "SimplOODSS" */;
			compatibilityVersion = "Xcode 3.2";
			developmentRegion = English;
			hasScannedForEncodings = 0;
			knownRegions = (
				en,
			);
			mainGroup = 55DDB1AE145A27C200D7991C;
			productRefGroup = 55DDB1BA145A27C200D7991C /* Products */;
			projectDirPath = "";
			projectRoot = "";
			targets = (
				55DDB1B8145A27C200D7991C /* SimplOODSS */,
			);
		};
/* End PBXProject section */

/* Begin PBXSourcesBuildPhase section */
		55DDB1B5145A27C200D7991C /* Sources */ = {
			isa = PBXSourcesBuildPhase;
			buildActionMask = 2147483647;
			files = (
				55DDB1C3145A27C200D7991C /* SimplOODSS.m in Sources */,
			);
			runOnlyForDeploymentPostprocessing = 0;
		};
/* End PBXSourcesBuildPhase section */

/* Begin XCBuildConfiguration section */
		55DDB1C4145A27C200D7991C /* Debug */ = {
			isa = XCBuildConfiguration;
			buildSettings = {
				ALWAYS_SEARCH_USER_PATHS = NO;
				ARCHS = "$(ARCHS_STANDARD_32_BIT)";
				COPY_PHASE_STRIP = NO;
				GCC_C_LANGUAGE_STANDARD = gnu99;
				GCC_DYNAMIC_NO_PIC = NO;
				GCC_OPTIMIZATION_LEVEL = 0;
				GCC_PREPROCESSOR_DEFINITIONS = (
					"DEBUG=1",
					"$(inherited)",
				);
				GCC_SYMBOLS_PRIVATE_EXTERN = NO;
				GCC_VERSION = com.apple.compilers.llvm.clang.1_0;
				GCC_WARN_ABOUT_MISSING_PROTOTYPES = YES;
				GCC_WARN_ABOUT_RETURN_TYPE = YES;
				GCC_WARN_UNUSED_VARIABLE = YES;
				IPHONEOS_DEPLOYMENT_TARGET = 5.0;
				SDKROOT = iphoneos;
			};
			name = Debug;
		};
		55DDB1C5145A27C200D7991C /* Release */ = {
			isa = XCBuildConfiguration;
			buildSettings = {
				ALWAYS_SEARCH_USER_PATHS = NO;
				ARCHS = "$(ARCHS_STANDARD_32_BIT)";
				COPY_PHASE_STRIP = YES;
				GCC_C_LANGUAGE_STANDARD = gnu99;
				GCC_VERSION = com.apple.compilers.llvm.clang.1_0;
				GCC_WARN_ABOUT_MISSING_PROTOTYPES = YES;
				GCC_WARN_ABOUT_RETURN_TYPE = YES;
				GCC_WARN_UNUSED_VARIABLE = YES;
				IPHONEOS_DEPLOYMENT_TARGET = 5.0;
				SDKROOT = iphoneos;
				VALIDATE_PRODUCT = YES;
			};
			name = Release;
		};
		55DDB1C7145A27C200D7991C /* Debug */ = {
			isa = XCBuildConfiguration;
			buildSettings = {
				DSTROOT = /tmp/SimplOODSS.dst;
				GCC_PRECOMPILE_PREFIX_HEADER = YES;
				GCC_PREFIX_HEADER = "SimplOODSS/SimplOODSS-Prefix.pch";
				OTHER_LDFLAGS = "-ObjC";
				PRODUCT_NAME = "$(TARGET_NAME)";
				SKIP_INSTALL = YES;
			};
			name = Debug;
		};
		55DDB1C8145A27C200D7991C /* Release */ = {
			isa = XCBuildConfiguration;
			buildSettings = {
				DSTROOT = /tmp/SimplOODSS.dst;
				GCC_PRECOMPILE_PREFIX_HEADER = YES;
				GCC_PREFIX_HEADER = "SimplOODSS/SimplOODSS-Prefix.pch";
				OTHER_LDFLAGS = "-ObjC";
				PRODUCT_NAME = "$(TARGET_NAME)";
				SKIP_INSTALL = YES;
			};
			name = Release;
		};
/* End XCBuildConfiguration section */

/* Begin XCConfigurationList section */
		55DDB1B3145A27C200D7991C /* Build configuration list for PBXProject "SimplOODSS" */ = {
			isa = XCConfigurationList;
			buildConfigurations = (
				55DDB1C4145A27C200D7991C /* Debug */,
				55DDB1C5145A27C200D7991C /* Release */,
			);
			defaultConfigurationIsVisible = 0;
			defaultConfigurationName = Release;
		};
		55DDB1C6145A27C200D7991C /* Build configuration list for PBXNativeTarget "SimplOODSS" */ = {
			isa = XCConfigurationList;
			buildConfigurations = (
				55DDB1C7145A27C200D7991C /* Debug */,
				55DDB1C8145A27C200D7991C /* Release */,
			);
			defaultConfigurationIsVisible = 0;
			defaultConfigurationName = Release;
		};
/* End XCConfigurationList section */
	};
	rootObject = 55DDB1B0145A27C200D7991C /* Project object */;
}
