// !$*UTF8*$!
{
	archiveVersion = 1;
	classes = {
	};
	objectVersion = 46;
	objects = {

/* Begin PBXBuildFile section */
		49EFC2681467883B005E1A6E /* TypeRegistry.h in Headers */ = {isa = PBXBuildFile; fileRef = 49EFC2661467883B005E1A6E /* TypeRegistry.h */; };
		49EFC2691467883B005E1A6E /* TypeRegistry.m in Sources */ = {isa = PBXBuildFile; fileRef = 49EFC2671467883B005E1A6E /* TypeRegistry.m */; };
		49EFC26A1467883B005E1A6E /* TypeRegistry.m in Sources */ = {isa = PBXBuildFile; fileRef = 49EFC2671467883B005E1A6E /* TypeRegistry.m */; };
		49EFC26E14678DB0005E1A6E /* SimplType.h in Headers */ = {isa = PBXBuildFile; fileRef = 49EFC26C14678DAF005E1A6E /* SimplType.h */; };
		49EFC26F14678DB0005E1A6E /* SimplType.m in Sources */ = {isa = PBXBuildFile; fileRef = 49EFC26D14678DB0005E1A6E /* SimplType.m */; };
		49EFC27014678DB0005E1A6E /* SimplType.m in Sources */ = {isa = PBXBuildFile; fileRef = 49EFC26D14678DB0005E1A6E /* SimplType.m */; };
		49EFC2731467B866005E1A6E /* ScalarType.h in Headers */ = {isa = PBXBuildFile; fileRef = 49EFC2711467B866005E1A6E /* ScalarType.h */; };
		49EFC2741467B866005E1A6E /* ScalarType.m in Sources */ = {isa = PBXBuildFile; fileRef = 49EFC2721467B866005E1A6E /* ScalarType.m */; };
		49EFC2751467B866005E1A6E /* ScalarType.m in Sources */ = {isa = PBXBuildFile; fileRef = 49EFC2721467B866005E1A6E /* ScalarType.m */; };
		49EFC2781467BFB4005E1A6E /* IntType.h in Headers */ = {isa = PBXBuildFile; fileRef = 49EFC2761467BFB4005E1A6E /* IntType.h */; };
		49EFC2791467BFB4005E1A6E /* IntType.m in Sources */ = {isa = PBXBuildFile; fileRef = 49EFC2771467BFB4005E1A6E /* IntType.m */; };
		49EFC27A1467BFB4005E1A6E /* IntType.m in Sources */ = {isa = PBXBuildFile; fileRef = 49EFC2771467BFB4005E1A6E /* IntType.m */; };
		49EFC27D1467BFC4005E1A6E /* FloatType.h in Headers */ = {isa = PBXBuildFile; fileRef = 49EFC27B1467BFC3005E1A6E /* FloatType.h */; };
		49EFC27E1467BFC4005E1A6E /* FloatType.m in Sources */ = {isa = PBXBuildFile; fileRef = 49EFC27C1467BFC3005E1A6E /* FloatType.m */; };
		49EFC27F1467BFC4005E1A6E /* FloatType.m in Sources */ = {isa = PBXBuildFile; fileRef = 49EFC27C1467BFC3005E1A6E /* FloatType.m */; };
		552E7723146863BC00297B71 /* ReferenceType.h in Headers */ = {isa = PBXBuildFile; fileRef = 552E7721146863BC00297B71 /* ReferenceType.h */; };
		552E7724146863BC00297B71 /* ReferenceType.m in Sources */ = {isa = PBXBuildFile; fileRef = 552E7722146863BC00297B71 /* ReferenceType.m */; };
		552E7725146863BC00297B71 /* ReferenceType.m in Sources */ = {isa = PBXBuildFile; fileRef = 552E7722146863BC00297B71 /* ReferenceType.m */; };
		552E7728146863DC00297B71 /* StringType.h in Headers */ = {isa = PBXBuildFile; fileRef = 552E7726146863DC00297B71 /* StringType.h */; };
		552E7729146863DC00297B71 /* StringType.m in Sources */ = {isa = PBXBuildFile; fileRef = 552E7727146863DC00297B71 /* StringType.m */; };
		552E772A146863DC00297B71 /* StringType.m in Sources */ = {isa = PBXBuildFile; fileRef = 552E7727146863DC00297B71 /* StringType.m */; };
		552E772D1468644F00297B71 /* ParsedUrlType.h in Headers */ = {isa = PBXBuildFile; fileRef = 552E772B1468644F00297B71 /* ParsedUrlType.h */; };
		552E772E1468644F00297B71 /* ParsedUrlType.m in Sources */ = {isa = PBXBuildFile; fileRef = 552E772C1468644F00297B71 /* ParsedUrlType.m */; };
		552E772F1468644F00297B71 /* ParsedUrlType.m in Sources */ = {isa = PBXBuildFile; fileRef = 552E772C1468644F00297B71 /* ParsedUrlType.m */; };
		552E773214688F2300297B71 /* CollectionType.h in Headers */ = {isa = PBXBuildFile; fileRef = 552E773014688F2200297B71 /* CollectionType.h */; };
		552E773314688F2300297B71 /* CollectionType.m in Sources */ = {isa = PBXBuildFile; fileRef = 552E773114688F2200297B71 /* CollectionType.m */; };
		552E773414688F2300297B71 /* CollectionType.m in Sources */ = {isa = PBXBuildFile; fileRef = 552E773114688F2200297B71 /* CollectionType.m */; };
		5538EDFD145A2993008173D8 /* UIKit.framework in Frameworks */ = {isa = PBXBuildFile; fileRef = 5538EDFC145A2993008173D8 /* UIKit.framework */; };
		5538EDFE145A2993008173D8 /* Foundation.framework in Frameworks */ = {isa = PBXBuildFile; fileRef = 55DDB1A1145A27A900D7991C /* Foundation.framework */; };
		5538EE00145A2993008173D8 /* CoreGraphics.framework in Frameworks */ = {isa = PBXBuildFile; fileRef = 5538EDFF145A2993008173D8 /* CoreGraphics.framework */; };
		5538EE06145A2993008173D8 /* InfoPlist.strings in Resources */ = {isa = PBXBuildFile; fileRef = 5538EE04145A2993008173D8 /* InfoPlist.strings */; };
		5538EE08145A2993008173D8 /* main.m in Sources */ = {isa = PBXBuildFile; fileRef = 5538EE07145A2993008173D8 /* main.m */; };
		5538EE1E145A29C6008173D8 /* GHUnitIOS.framework in Frameworks */ = {isa = PBXBuildFile; fileRef = 5538EE1D145A29C6008173D8 /* GHUnitIOS.framework */; };
		5538EE22145A2B09008173D8 /* MyClass.m in Sources */ = {isa = PBXBuildFile; fileRef = 5538EE21145A2B09008173D8 /* MyClass.m */; };
		5538EE70145A3221008173D8 /* DictionaryList.h in Headers */ = {isa = PBXBuildFile; fileRef = 5538EE2F145A3221008173D8 /* DictionaryList.h */; };
		5538EE71145A3221008173D8 /* DictionaryList.m in Sources */ = {isa = PBXBuildFile; fileRef = 5538EE30145A3221008173D8 /* DictionaryList.m */; };
		5538EE72145A3221008173D8 /* DictionaryList.m in Sources */ = {isa = PBXBuildFile; fileRef = 5538EE30145A3221008173D8 /* DictionaryList.m */; };
		5538EE73145A3221008173D8 /* Scope.h in Headers */ = {isa = PBXBuildFile; fileRef = 5538EE31145A3221008173D8 /* Scope.h */; };
		5538EE74145A3221008173D8 /* Scope.m in Sources */ = {isa = PBXBuildFile; fileRef = 5538EE32145A3221008173D8 /* Scope.m */; };
		5538EE75145A3221008173D8 /* Scope.m in Sources */ = {isa = PBXBuildFile; fileRef = 5538EE32145A3221008173D8 /* Scope.m */; };
		5538EE76145A3221008173D8 /* ParsedURL.h in Headers */ = {isa = PBXBuildFile; fileRef = 5538EE34145A3221008173D8 /* ParsedURL.h */; };
		5538EE77145A3221008173D8 /* ParsedURL.m in Sources */ = {isa = PBXBuildFile; fileRef = 5538EE35145A3221008173D8 /* ParsedURL.m */; };
		5538EE78145A3221008173D8 /* ParsedURL.m in Sources */ = {isa = PBXBuildFile; fileRef = 5538EE35145A3221008173D8 /* ParsedURL.m */; };
		5538EE7A145A3221008173D8 /* ClassDescriptor.h in Headers */ = {isa = PBXBuildFile; fileRef = 5538EE38145A3221008173D8 /* ClassDescriptor.h */; };
		5538EE7B145A3221008173D8 /* ClassDescriptor.m in Sources */ = {isa = PBXBuildFile; fileRef = 5538EE39145A3221008173D8 /* ClassDescriptor.m */; };
		5538EE7C145A3221008173D8 /* ClassDescriptor.m in Sources */ = {isa = PBXBuildFile; fileRef = 5538EE39145A3221008173D8 /* ClassDescriptor.m */; };
		5538EE80145A3221008173D8 /* ElementState.h in Headers */ = {isa = PBXBuildFile; fileRef = 5538EE3C145A3221008173D8 /* ElementState.h */; };
		5538EE81145A3221008173D8 /* ElementState.m in Sources */ = {isa = PBXBuildFile; fileRef = 5538EE3D145A3221008173D8 /* ElementState.m */; };
		5538EE82145A3221008173D8 /* ElementState.m in Sources */ = {isa = PBXBuildFile; fileRef = 5538EE3D145A3221008173D8 /* ElementState.m */; };
		5538EE86145A3221008173D8 /* FieldDescriptor.h in Headers */ = {isa = PBXBuildFile; fileRef = 5538EE40145A3221008173D8 /* FieldDescriptor.h */; };
		5538EE87145A3221008173D8 /* FieldDescriptor.m in Sources */ = {isa = PBXBuildFile; fileRef = 5538EE41145A3221008173D8 /* FieldDescriptor.m */; };
		5538EE88145A3221008173D8 /* FieldDescriptor.m in Sources */ = {isa = PBXBuildFile; fileRef = 5538EE41145A3221008173D8 /* FieldDescriptor.m */; };
		5538EE89145A3221008173D8 /* FieldTypes.h in Headers */ = {isa = PBXBuildFile; fileRef = 5538EE42145A3221008173D8 /* FieldTypes.h */; };
		5538EE8E145A3221008173D8 /* SimplTypesScope.h in Headers */ = {isa = PBXBuildFile; fileRef = 5538EE46145A3221008173D8 /* SimplTypesScope.h */; };
		5538EE8F145A3221008173D8 /* SimplTypesScope.m in Sources */ = {isa = PBXBuildFile; fileRef = 5538EE47145A3221008173D8 /* SimplTypesScope.m */; };
		5538EE90145A3221008173D8 /* SimplTypesScope.m in Sources */ = {isa = PBXBuildFile; fileRef = 5538EE47145A3221008173D8 /* SimplTypesScope.m */; };
		5538EE91145A3221008173D8 /* Mappable.h in Headers */ = {isa = PBXBuildFile; fileRef = 5538EE4A145A3221008173D8 /* Mappable.h */; };
		5538EEBE145A3221008173D8 /* Type.h in Headers */ = {isa = PBXBuildFile; fileRef = 5538EE6C145A3221008173D8 /* Type.h */; };
		5538EEC0145A3221008173D8 /* SimplTools.h in Headers */ = {isa = PBXBuildFile; fileRef = 5538EE6E145A3221008173D8 /* SimplTools.h */; };
		5538EEC1145A3221008173D8 /* SimplTools.m in Sources */ = {isa = PBXBuildFile; fileRef = 5538EE6F145A3221008173D8 /* SimplTools.m */; };
		5538EEC2145A3221008173D8 /* SimplTools.m in Sources */ = {isa = PBXBuildFile; fileRef = 5538EE6F145A3221008173D8 /* SimplTools.m */; };
		5538EEC5145A3590008173D8 /* TranslationContext.h in Headers */ = {isa = PBXBuildFile; fileRef = 5538EEC3145A358F008173D8 /* TranslationContext.h */; };
		5538EEC6145A3590008173D8 /* TranslationContext.m in Sources */ = {isa = PBXBuildFile; fileRef = 5538EEC4145A358F008173D8 /* TranslationContext.m */; };
		5538EEC7145A3590008173D8 /* TranslationContext.m in Sources */ = {isa = PBXBuildFile; fileRef = 5538EEC4145A358F008173D8 /* TranslationContext.m */; };
		5538EECA145A35DD008173D8 /* ScalarUnmarshallingContext.h in Headers */ = {isa = PBXBuildFile; fileRef = 5538EEC9145A35DD008173D8 /* ScalarUnmarshallingContext.h */; };
		5538EECD145A38AC008173D8 /* MultiMap.h in Headers */ = {isa = PBXBuildFile; fileRef = 5538EECB145A38AC008173D8 /* MultiMap.h */; };
		5538EECE145A38AC008173D8 /* MultiMap.m in Sources */ = {isa = PBXBuildFile; fileRef = 5538EECC145A38AC008173D8 /* MultiMap.m */; };
		5538EECF145A38AC008173D8 /* MultiMap.m in Sources */ = {isa = PBXBuildFile; fileRef = 5538EECC145A38AC008173D8 /* MultiMap.m */; };
		55759EA014997D7E000F1CE8 /* ClassA.m in Sources */ = {isa = PBXBuildFile; fileRef = 55759E8214997D7D000F1CE8 /* ClassA.m */; };
		55759EA114997D7E000F1CE8 /* ClassB.m in Sources */ = {isa = PBXBuildFile; fileRef = 55759E8414997D7D000F1CE8 /* ClassB.m */; };
		55759EA214997D7E000F1CE8 /* ClassC.m in Sources */ = {isa = PBXBuildFile; fileRef = 55759E8614997D7D000F1CE8 /* ClassC.m */; };
		55759EA314997D7E000F1CE8 /* ClassD.m in Sources */ = {isa = PBXBuildFile; fileRef = 55759E8814997D7D000F1CE8 /* ClassD.m */; };
		55759EA414997D7E000F1CE8 /* ClassX.m in Sources */ = {isa = PBXBuildFile; fileRef = 55759E8A14997D7D000F1CE8 /* ClassX.m */; };
		55759EA514997D7E000F1CE8 /* ClassDes.m in Sources */ = {isa = PBXBuildFile; fileRef = 55759E8D14997D7E000F1CE8 /* ClassDes.m */; };
		55759EA614997D7E000F1CE8 /* FieldDes.m in Sources */ = {isa = PBXBuildFile; fileRef = 55759E8F14997D7E000F1CE8 /* FieldDes.m */; };
		55759EA714997D7E000F1CE8 /* TranslationS.m in Sources */ = {isa = PBXBuildFile; fileRef = 55759E9114997D7E000F1CE8 /* TranslationS.m */; };
		55759EA814997D7E000F1CE8 /* Faculty.m in Sources */ = {isa = PBXBuildFile; fileRef = 55759E9414997D7E000F1CE8 /* Faculty.m */; };
		55759EA914997D7E000F1CE8 /* Person.m in Sources */ = {isa = PBXBuildFile; fileRef = 55759E9614997D7E000F1CE8 /* Person.m */; };
		55759EAA14997D7E000F1CE8 /* PersonDirectory.m in Sources */ = {isa = PBXBuildFile; fileRef = 55759E9814997D7E000F1CE8 /* PersonDirectory.m */; };
		55759EAB14997D7E000F1CE8 /* Student.m in Sources */ = {isa = PBXBuildFile; fileRef = 55759E9A14997D7E000F1CE8 /* Student.m */; };
		55759EAC14997D7E000F1CE8 /* StudentDirectory.m in Sources */ = {isa = PBXBuildFile; fileRef = 55759E9C14997D7E000F1CE8 /* StudentDirectory.m */; };
		55759EAD14997D7E000F1CE8 /* ScalarCollection.m in Sources */ = {isa = PBXBuildFile; fileRef = 55759E9F14997D7E000F1CE8 /* ScalarCollection.m */; };
		55759EB0149A638B000F1CE8 /* TestingUtils.m in Sources */ = {isa = PBXBuildFile; fileRef = 55759EAF149A638B000F1CE8 /* TestingUtils.m */; };
		55759EB3149A862D000F1CE8 /* PersonTest.m in Sources */ = {isa = PBXBuildFile; fileRef = 55759EB2149A862D000F1CE8 /* PersonTest.m */; };
		55759EF7149A8A0F000F1CE8 /* classDTScope.m in Sources */ = {isa = PBXBuildFile; fileRef = 55759EE8149A8A0F000F1CE8 /* classDTScope.m */; };
		55759EF8149A8A0F000F1CE8 /* facultyTScope.m in Sources */ = {isa = PBXBuildFile; fileRef = 55759EEA149A8A0F000F1CE8 /* facultyTScope.m */; };
		55759EF9149A8A0F000F1CE8 /* personDirectoryTScope.m in Sources */ = {isa = PBXBuildFile; fileRef = 55759EEC149A8A0F000F1CE8 /* personDirectoryTScope.m */; };
		55759EFA149A8A0F000F1CE8 /* personTScope.m in Sources */ = {isa = PBXBuildFile; fileRef = 55759EEE149A8A0F000F1CE8 /* personTScope.m */; };
		55759EFB149A8A0F000F1CE8 /* scalarCollectionTScope.m in Sources */ = {isa = PBXBuildFile; fileRef = 55759EF0149A8A0F000F1CE8 /* scalarCollectionTScope.m */; };
		55759EFC149A8A0F000F1CE8 /* studentDirectoryTScope.m in Sources */ = {isa = PBXBuildFile; fileRef = 55759EF2149A8A0F000F1CE8 /* studentDirectoryTScope.m */; };
		55759EFD149A8A0F000F1CE8 /* studentTScope.m in Sources */ = {isa = PBXBuildFile; fileRef = 55759EF4149A8A0F000F1CE8 /* studentTScope.m */; };
		55759EFE149A8A0F000F1CE8 /* testingMapWithinMapsTScope.m in Sources */ = {isa = PBXBuildFile; fileRef = 55759EF6149A8A0F000F1CE8 /* testingMapWithinMapsTScope.m */; };
		55759F02149A9A00000F1CE8 /* personTScope.xml in Resources */ = {isa = PBXBuildFile; fileRef = 55759F01149A9A00000F1CE8 /* personTScope.xml */; };
		55759F05149A9BF8000F1CE8 /* FacultyTest.m in Sources */ = {isa = PBXBuildFile; fileRef = 55759F04149A9BF8000F1CE8 /* FacultyTest.m */; };
		55759F07149A9CA8000F1CE8 /* facultyTScope.xml in Resources */ = {isa = PBXBuildFile; fileRef = 55759F06149A9CA7000F1CE8 /* facultyTScope.xml */; };
		5594E897149FCD0500274B9E /* SimplEnum.h in Headers */ = {isa = PBXBuildFile; fileRef = 5594E895149FCD0500274B9E /* SimplEnum.h */; };
		5594E898149FCD0500274B9E /* SimplEnum.m in Sources */ = {isa = PBXBuildFile; fileRef = 5594E896149FCD0500274B9E /* SimplEnum.m */; };
		5594E8A8149FD2DB00274B9E /* VisibilityEnum.m in Sources */ = {isa = PBXBuildFile; fileRef = 5594E89A149FCEC100274B9E /* VisibilityEnum.m */; };
		5594E8A9149FD2F700274B9E /* VisibilityEnum.h in Headers */ = {isa = PBXBuildFile; fileRef = 5594E899149FCEC100274B9E /* VisibilityEnum.h */; };
		5594E8AA149FD2F900274B9E /* VisibilityEnum.m in Sources */ = {isa = PBXBuildFile; fileRef = 5594E89A149FCEC100274B9E /* VisibilityEnum.m */; };
		5594E8AB149FD31200274B9E /* SimplEnum.m in Sources */ = {isa = PBXBuildFile; fileRef = 5594E896149FCD0500274B9E /* SimplEnum.m */; };
		5594E8AE149FD33D00274B9E /* AnotherEnum.m in Sources */ = {isa = PBXBuildFile; fileRef = 5594E8AD149FD33D00274B9E /* AnotherEnum.m */; };
		5594E8B1149FD3E200274B9E /* EnumTest.m in Sources */ = {isa = PBXBuildFile; fileRef = 5594E8B0149FD3E200274B9E /* EnumTest.m */; };
		5594E8FA14A1410400274B9E /* SBJsonTokeniser.h in Headers */ = {isa = PBXBuildFile; fileRef = 5594E8F614A1410400274B9E /* SBJsonTokeniser.h */; };
		5594E8FB14A1410400274B9E /* SBJsonTokeniser.m in Sources */ = {isa = PBXBuildFile; fileRef = 5594E8F714A1410400274B9E /* SBJsonTokeniser.m */; };
		5594E8FC14A1410400274B9E /* SBJsonUTF8Stream.h in Headers */ = {isa = PBXBuildFile; fileRef = 5594E8F814A1410400274B9E /* SBJsonUTF8Stream.h */; };
		5594E8FD14A1410400274B9E /* SBJsonUTF8Stream.m in Sources */ = {isa = PBXBuildFile; fileRef = 5594E8F914A1410400274B9E /* SBJsonUTF8Stream.m */; };
		55A18A3F14675BD90079BC27 /* SimplBaseType.h in Headers */ = {isa = PBXBuildFile; fileRef = 55A18A3D14675BD90079BC27 /* SimplBaseType.h */; };
		55A18A4014675BD90079BC27 /* SimplBaseType.m in Sources */ = {isa = PBXBuildFile; fileRef = 55A18A3E14675BD90079BC27 /* SimplBaseType.m */; };
		55A18A4114675BD90079BC27 /* SimplBaseType.m in Sources */ = {isa = PBXBuildFile; fileRef = 55A18A3E14675BD90079BC27 /* SimplBaseType.m */; };
		55A18A4514675CB10079BC27 /* DescriptorBase.h in Headers */ = {isa = PBXBuildFile; fileRef = 55A18A4314675CB10079BC27 /* DescriptorBase.h */; };
		55A18A4614675CB10079BC27 /* DescriptorBase.m in Sources */ = {isa = PBXBuildFile; fileRef = 55A18A4414675CB10079BC27 /* DescriptorBase.m */; };
		55A18A4714675CB10079BC27 /* DescriptorBase.m in Sources */ = {isa = PBXBuildFile; fileRef = 55A18A4414675CB10079BC27 /* DescriptorBase.m */; };
		55D0E81A1461BAF900A9F9B8 /* BootstrapConstants.h in Headers */ = {isa = PBXBuildFile; fileRef = 55D0E8191461BAF700A9F9B8 /* BootstrapConstants.h */; };
		55D0E81E1461BF8900A9F9B8 /* JsonReader.h in Headers */ = {isa = PBXBuildFile; fileRef = 55D0E81C1461BF8900A9F9B8 /* JsonReader.h */; };
		55D0E81F1461BF8900A9F9B8 /* JsonReader.m in Sources */ = {isa = PBXBuildFile; fileRef = 55D0E81D1461BF8900A9F9B8 /* JsonReader.m */; };
		55D0E8201461BF8900A9F9B8 /* JsonReader.m in Sources */ = {isa = PBXBuildFile; fileRef = 55D0E81D1461BF8900A9F9B8 /* JsonReader.m */; };
		55D0E8421461D45A00A9F9B8 /* RssSimplTypes.xml in Resources */ = {isa = PBXBuildFile; fileRef = 55D0E8361461D45A00A9F9B8 /* RssSimplTypes.xml */; };
		55D0E8431461D45A00A9F9B8 /* Channel.h in Headers */ = {isa = PBXBuildFile; fileRef = 55D0E8391461D45A00A9F9B8 /* Channel.h */; };
		55D0E8441461D45A00A9F9B8 /* Channel.m in Sources */ = {isa = PBXBuildFile; fileRef = 55D0E83A1461D45A00A9F9B8 /* Channel.m */; };
		55D0E8451461D45A00A9F9B8 /* Channel.m in Sources */ = {isa = PBXBuildFile; fileRef = 55D0E83A1461D45A00A9F9B8 /* Channel.m */; };
		55D0E8461461D45A00A9F9B8 /* Item.h in Headers */ = {isa = PBXBuildFile; fileRef = 55D0E83B1461D45A00A9F9B8 /* Item.h */; };
		55D0E8471461D45A00A9F9B8 /* Item.m in Sources */ = {isa = PBXBuildFile; fileRef = 55D0E83C1461D45A00A9F9B8 /* Item.m */; };
		55D0E8481461D45A00A9F9B8 /* Item.m in Sources */ = {isa = PBXBuildFile; fileRef = 55D0E83C1461D45A00A9F9B8 /* Item.m */; };
		55D0E8491461D45A00A9F9B8 /* Rss.h in Headers */ = {isa = PBXBuildFile; fileRef = 55D0E83D1461D45A00A9F9B8 /* Rss.h */; };
		55D0E84A1461D45A00A9F9B8 /* Rss.m in Sources */ = {isa = PBXBuildFile; fileRef = 55D0E83E1461D45A00A9F9B8 /* Rss.m */; };
		55D0E84B1461D45A00A9F9B8 /* Rss.m in Sources */ = {isa = PBXBuildFile; fileRef = 55D0E83E1461D45A00A9F9B8 /* Rss.m */; };
		55D0E84C1461D45A00A9F9B8 /* RssSimplTypes.h in Headers */ = {isa = PBXBuildFile; fileRef = 55D0E8401461D45A00A9F9B8 /* RssSimplTypes.h */; };
		55D0E84D1461D45A00A9F9B8 /* RssSimplTypes.m in Sources */ = {isa = PBXBuildFile; fileRef = 55D0E8411461D45A00A9F9B8 /* RssSimplTypes.m */; };
		55D0E84E1461D45A00A9F9B8 /* RssSimplTypes.m in Sources */ = {isa = PBXBuildFile; fileRef = 55D0E8411461D45A00A9F9B8 /* RssSimplTypes.m */; };
		55D0E8531461D4EA00A9F9B8 /* RssTest.m in Sources */ = {isa = PBXBuildFile; fileRef = 55D0E8501461D4E900A9F9B8 /* RssTest.m */; };
		55D0E8561461D5FE00A9F9B8 /* JsonPullDeserializer.h in Headers */ = {isa = PBXBuildFile; fileRef = 55D0E8541461D5FE00A9F9B8 /* JsonPullDeserializer.h */; };
		55D0E8571461D5FE00A9F9B8 /* JsonPullDeserializer.m in Sources */ = {isa = PBXBuildFile; fileRef = 55D0E8551461D5FE00A9F9B8 /* JsonPullDeserializer.m */; };
		55D0E8581461D5FE00A9F9B8 /* JsonPullDeserializer.m in Sources */ = {isa = PBXBuildFile; fileRef = 55D0E8551461D5FE00A9F9B8 /* JsonPullDeserializer.m */; };
		55D0E85B1461E07A00A9F9B8 /* BootStrap.h in Headers */ = {isa = PBXBuildFile; fileRef = 55D0E8591461E07400A9F9B8 /* BootStrap.h */; };
		55D0E85C1461E07A00A9F9B8 /* BootStrap.m in Sources */ = {isa = PBXBuildFile; fileRef = 55D0E85A1461E07600A9F9B8 /* BootStrap.m */; };
		55D0E85D1461E07A00A9F9B8 /* BootStrap.m in Sources */ = {isa = PBXBuildFile; fileRef = 55D0E85A1461E07600A9F9B8 /* BootStrap.m */; };
		55D2C475145F1B9E00CBF4F7 /* XmlPullDeserializer.h in Headers */ = {isa = PBXBuildFile; fileRef = 55D2C473145F1B9E00CBF4F7 /* XmlPullDeserializer.h */; };
		55D2C476145F1B9E00CBF4F7 /* XmlPullDeserializer.m in Sources */ = {isa = PBXBuildFile; fileRef = 55D2C474145F1B9E00CBF4F7 /* XmlPullDeserializer.m */; };
		55D2C477145F1B9E00CBF4F7 /* XmlPullDeserializer.m in Sources */ = {isa = PBXBuildFile; fileRef = 55D2C474145F1B9E00CBF4F7 /* XmlPullDeserializer.m */; };
		55D2C47B145F1BB200CBF4F7 /* StringPullDeserializer.h in Headers */ = {isa = PBXBuildFile; fileRef = 55D2C479145F1BB200CBF4F7 /* StringPullDeserializer.h */; };
		55D2C47C145F1BB200CBF4F7 /* StringPullDeserializer.m in Sources */ = {isa = PBXBuildFile; fileRef = 55D2C47A145F1BB200CBF4F7 /* StringPullDeserializer.m */; };
		55D2C47D145F1BB200CBF4F7 /* StringPullDeserializer.m in Sources */ = {isa = PBXBuildFile; fileRef = 55D2C47A145F1BB200CBF4F7 /* StringPullDeserializer.m */; };
		55D2C480145F1BC300CBF4F7 /* BinaryPullDeserializer.h in Headers */ = {isa = PBXBuildFile; fileRef = 55D2C47E145F1BC300CBF4F7 /* BinaryPullDeserializer.h */; };
		55D2C481145F1BC300CBF4F7 /* BinaryPullDeserializer.m in Sources */ = {isa = PBXBuildFile; fileRef = 55D2C47F145F1BC300CBF4F7 /* BinaryPullDeserializer.m */; };
		55D2C482145F1BC300CBF4F7 /* BinaryPullDeserializer.m in Sources */ = {isa = PBXBuildFile; fileRef = 55D2C47F145F1BC300CBF4F7 /* BinaryPullDeserializer.m */; };
		55D2C485145F1BD700CBF4F7 /* TlvPullDeserializer.h in Headers */ = {isa = PBXBuildFile; fileRef = 55D2C483145F1BD700CBF4F7 /* TlvPullDeserializer.h */; };
		55D2C486145F1BD700CBF4F7 /* TlvPullDeserializer.m in Sources */ = {isa = PBXBuildFile; fileRef = 55D2C484145F1BD700CBF4F7 /* TlvPullDeserializer.m */; };
		55D2C487145F1BD700CBF4F7 /* TlvPullDeserializer.m in Sources */ = {isa = PBXBuildFile; fileRef = 55D2C484145F1BD700CBF4F7 /* TlvPullDeserializer.m */; };
		55D2C48A145F1E1300CBF4F7 /* SimplDefs.h in Headers */ = {isa = PBXBuildFile; fileRef = 55D2C488145F1E1300CBF4F7 /* SimplDefs.h */; };
		55D2C497145F235900CBF4F7 /* BibtexSerializer.h in Headers */ = {isa = PBXBuildFile; fileRef = 55D2C495145F235900CBF4F7 /* BibtexSerializer.h */; };
		55D2C498145F235900CBF4F7 /* BibtexSerializer.m in Sources */ = {isa = PBXBuildFile; fileRef = 55D2C496145F235900CBF4F7 /* BibtexSerializer.m */; };
		55D2C499145F235900CBF4F7 /* BibtexSerializer.m in Sources */ = {isa = PBXBuildFile; fileRef = 55D2C496145F235900CBF4F7 /* BibtexSerializer.m */; };
		55D2C49B145F391A00CBF4F7 /* DeserializationHookStrategy.h in Headers */ = {isa = PBXBuildFile; fileRef = 55D2C49A145F391A00CBF4F7 /* DeserializationHookStrategy.h */; };
		55D2C49D145F3E9700CBF4F7 /* SimplDeserializationPre.h in Headers */ = {isa = PBXBuildFile; fileRef = 55D2C49C145F3E9600CBF4F7 /* SimplDeserializationPre.h */; };
		55D2C49F145F3EA600CBF4F7 /* SimplDeserializationPost.h in Headers */ = {isa = PBXBuildFile; fileRef = 55D2C49E145F3EA600CBF4F7 /* SimplDeserializationPost.h */; };
		55DDB1A2145A27A900D7991C /* Foundation.framework in Frameworks */ = {isa = PBXBuildFile; fileRef = 55DDB1A1145A27A900D7991C /* Foundation.framework */; };
		55F9F81B145A481000F4AFBD /* XmlStreamReader.h in Headers */ = {isa = PBXBuildFile; fileRef = 55F9F819145A481000F4AFBD /* XmlStreamReader.h */; };
		55F9F81C145A481000F4AFBD /* XmlStreamReader.m in Sources */ = {isa = PBXBuildFile; fileRef = 55F9F81A145A481000F4AFBD /* XmlStreamReader.m */; };
		55F9F81D145A481400F4AFBD /* XmlStreamReader.m in Sources */ = {isa = PBXBuildFile; fileRef = 55F9F81A145A481000F4AFBD /* XmlStreamReader.m */; };
		55F9F81F145A4B4800F4AFBD /* libxml2.dylib in Frameworks */ = {isa = PBXBuildFile; fileRef = 55F9F81E145A4B4800F4AFBD /* libxml2.dylib */; };
		55F9F820145A4B6300F4AFBD /* libxml2.dylib in Frameworks */ = {isa = PBXBuildFile; fileRef = 55F9F81E145A4B4800F4AFBD /* libxml2.dylib */; };
		55F9F82E145B0E9800F4AFBD /* FormatSerializer.h in Headers */ = {isa = PBXBuildFile; fileRef = 55F9F82C145B0E9800F4AFBD /* FormatSerializer.h */; };
		55F9F82F145B0E9800F4AFBD /* FormatSerializer.m in Sources */ = {isa = PBXBuildFile; fileRef = 55F9F82D145B0E9800F4AFBD /* FormatSerializer.m */; };
		55F9F830145B0E9800F4AFBD /* FormatSerializer.m in Sources */ = {isa = PBXBuildFile; fileRef = 55F9F82D145B0E9800F4AFBD /* FormatSerializer.m */; };
		55F9F834145B0ECF00F4AFBD /* SimplSerializationPre.h in Headers */ = {isa = PBXBuildFile; fileRef = 55F9F833145B0ECF00F4AFBD /* SimplSerializationPre.h */; };
		55F9F836145B0EF600F4AFBD /* SimplSerializationPost.h in Headers */ = {isa = PBXBuildFile; fileRef = 55F9F835145B0EF600F4AFBD /* SimplSerializationPost.h */; };
		55F9F842145B0F5100F4AFBD /* StringSerializer.h in Headers */ = {isa = PBXBuildFile; fileRef = 55F9F840145B0F5100F4AFBD /* StringSerializer.h */; };
		55F9F843145B0F5100F4AFBD /* StringSerializer.m in Sources */ = {isa = PBXBuildFile; fileRef = 55F9F841145B0F5100F4AFBD /* StringSerializer.m */; };
		55F9F844145B0F5100F4AFBD /* StringSerializer.m in Sources */ = {isa = PBXBuildFile; fileRef = 55F9F841145B0F5100F4AFBD /* StringSerializer.m */; };
		55F9F84C145B0F7300F4AFBD /* XmlSerializer.h in Headers */ = {isa = PBXBuildFile; fileRef = 55F9F84A145B0F7300F4AFBD /* XmlSerializer.h */; };
		55F9F84D145B0F7300F4AFBD /* XmlSerializer.m in Sources */ = {isa = PBXBuildFile; fileRef = 55F9F84B145B0F7300F4AFBD /* XmlSerializer.m */; };
		55F9F84E145B0F7300F4AFBD /* XmlSerializer.m in Sources */ = {isa = PBXBuildFile; fileRef = 55F9F84B145B0F7300F4AFBD /* XmlSerializer.m */; };
		55F9F851145B0F8600F4AFBD /* JsonSerializer.h in Headers */ = {isa = PBXBuildFile; fileRef = 55F9F84F145B0F8600F4AFBD /* JsonSerializer.h */; };
		55F9F852145B0F8600F4AFBD /* JsonSerializer.m in Sources */ = {isa = PBXBuildFile; fileRef = 55F9F850145B0F8600F4AFBD /* JsonSerializer.m */; };
		55F9F853145B0F8600F4AFBD /* JsonSerializer.m in Sources */ = {isa = PBXBuildFile; fileRef = 55F9F850145B0F8600F4AFBD /* JsonSerializer.m */; };
		55F9F856145B0F9D00F4AFBD /* BinarySerializer.h in Headers */ = {isa = PBXBuildFile; fileRef = 55F9F854145B0F9D00F4AFBD /* BinarySerializer.h */; };
		55F9F857145B0F9D00F4AFBD /* BinarySerializer.m in Sources */ = {isa = PBXBuildFile; fileRef = 55F9F855145B0F9D00F4AFBD /* BinarySerializer.m */; };
		55F9F858145B0F9D00F4AFBD /* BinarySerializer.m in Sources */ = {isa = PBXBuildFile; fileRef = 55F9F855145B0F9D00F4AFBD /* BinarySerializer.m */; };
		55F9F85B145B0FB000F4AFBD /* TlvSerializer.h in Headers */ = {isa = PBXBuildFile; fileRef = 55F9F859145B0FB000F4AFBD /* TlvSerializer.h */; };
		55F9F85C145B0FB000F4AFBD /* TlvSerializer.m in Sources */ = {isa = PBXBuildFile; fileRef = 55F9F85A145B0FB000F4AFBD /* TlvSerializer.m */; };
		55F9F85D145B0FB000F4AFBD /* TlvSerializer.m in Sources */ = {isa = PBXBuildFile; fileRef = 55F9F85A145B0FB000F4AFBD /* TlvSerializer.m */; };
		55F9F862145B113D00F4AFBD /* PullDeserializer.h in Headers */ = {isa = PBXBuildFile; fileRef = 55F9F860145B113D00F4AFBD /* PullDeserializer.h */; };
		55F9F863145B113D00F4AFBD /* PullDeserializer.m in Sources */ = {isa = PBXBuildFile; fileRef = 55F9F861145B113D00F4AFBD /* PullDeserializer.m */; };
		55F9F864145B113D00F4AFBD /* PullDeserializer.m in Sources */ = {isa = PBXBuildFile; fileRef = 55F9F861145B113D00F4AFBD /* PullDeserializer.m */; };
/* End PBXBuildFile section */

/* Begin PBXFileReference section */
		49EFC2661467883B005E1A6E /* TypeRegistry.h */ = {isa = PBXFileReference; fileEncoding = 4; lastKnownFileType = sourcecode.c.h; path = TypeRegistry.h; sourceTree = "<group>"; };
		49EFC2671467883B005E1A6E /* TypeRegistry.m */ = {isa = PBXFileReference; fileEncoding = 4; lastKnownFileType = sourcecode.c.objc; path = TypeRegistry.m; sourceTree = "<group>"; };
		49EFC26C14678DAF005E1A6E /* SimplType.h */ = {isa = PBXFileReference; fileEncoding = 4; lastKnownFileType = sourcecode.c.h; path = SimplType.h; sourceTree = "<group>"; };
		49EFC26D14678DB0005E1A6E /* SimplType.m */ = {isa = PBXFileReference; fileEncoding = 4; lastKnownFileType = sourcecode.c.objc; path = SimplType.m; sourceTree = "<group>"; };
		49EFC2711467B866005E1A6E /* ScalarType.h */ = {isa = PBXFileReference; fileEncoding = 4; lastKnownFileType = sourcecode.c.h; path = ScalarType.h; sourceTree = "<group>"; };
		49EFC2721467B866005E1A6E /* ScalarType.m */ = {isa = PBXFileReference; fileEncoding = 4; lastKnownFileType = sourcecode.c.objc; path = ScalarType.m; sourceTree = "<group>"; };
		49EFC2761467BFB4005E1A6E /* IntType.h */ = {isa = PBXFileReference; fileEncoding = 4; lastKnownFileType = sourcecode.c.h; path = IntType.h; sourceTree = "<group>"; };
		49EFC2771467BFB4005E1A6E /* IntType.m */ = {isa = PBXFileReference; fileEncoding = 4; lastKnownFileType = sourcecode.c.objc; path = IntType.m; sourceTree = "<group>"; };
		49EFC27B1467BFC3005E1A6E /* FloatType.h */ = {isa = PBXFileReference; fileEncoding = 4; lastKnownFileType = sourcecode.c.h; path = FloatType.h; sourceTree = "<group>"; };
		49EFC27C1467BFC3005E1A6E /* FloatType.m */ = {isa = PBXFileReference; fileEncoding = 4; lastKnownFileType = sourcecode.c.objc; path = FloatType.m; sourceTree = "<group>"; };
		552E7721146863BC00297B71 /* ReferenceType.h */ = {isa = PBXFileReference; fileEncoding = 4; lastKnownFileType = sourcecode.c.h; path = ReferenceType.h; sourceTree = "<group>"; };
		552E7722146863BC00297B71 /* ReferenceType.m */ = {isa = PBXFileReference; fileEncoding = 4; lastKnownFileType = sourcecode.c.objc; path = ReferenceType.m; sourceTree = "<group>"; };
		552E7726146863DC00297B71 /* StringType.h */ = {isa = PBXFileReference; fileEncoding = 4; lastKnownFileType = sourcecode.c.h; path = StringType.h; sourceTree = "<group>"; };
		552E7727146863DC00297B71 /* StringType.m */ = {isa = PBXFileReference; fileEncoding = 4; lastKnownFileType = sourcecode.c.objc; path = StringType.m; sourceTree = "<group>"; };
		552E772B1468644F00297B71 /* ParsedUrlType.h */ = {isa = PBXFileReference; fileEncoding = 4; lastKnownFileType = sourcecode.c.h; path = ParsedUrlType.h; sourceTree = "<group>"; };
		552E772C1468644F00297B71 /* ParsedUrlType.m */ = {isa = PBXFileReference; fileEncoding = 4; lastKnownFileType = sourcecode.c.objc; path = ParsedUrlType.m; sourceTree = "<group>"; };
		552E773014688F2200297B71 /* CollectionType.h */ = {isa = PBXFileReference; fileEncoding = 4; lastKnownFileType = sourcecode.c.h; path = CollectionType.h; sourceTree = "<group>"; };
		552E773114688F2200297B71 /* CollectionType.m */ = {isa = PBXFileReference; fileEncoding = 4; lastKnownFileType = sourcecode.c.objc; path = CollectionType.m; sourceTree = "<group>"; };
		5538EDFA145A2993008173D8 /* SimplSerializationTests.app */ = {isa = PBXFileReference; explicitFileType = wrapper.application; includeInIndex = 0; path = SimplSerializationTests.app; sourceTree = BUILT_PRODUCTS_DIR; };
		5538EDFC145A2993008173D8 /* UIKit.framework */ = {isa = PBXFileReference; lastKnownFileType = wrapper.framework; name = UIKit.framework; path = System/Library/Frameworks/UIKit.framework; sourceTree = SDKROOT; };
		5538EDFF145A2993008173D8 /* CoreGraphics.framework */ = {isa = PBXFileReference; lastKnownFileType = wrapper.framework; name = CoreGraphics.framework; path = System/Library/Frameworks/CoreGraphics.framework; sourceTree = SDKROOT; };
		5538EE03145A2993008173D8 /* SimplSerializationTests-Info.plist */ = {isa = PBXFileReference; lastKnownFileType = text.plist.xml; path = "SimplSerializationTests-Info.plist"; sourceTree = "<group>"; };
		5538EE05145A2993008173D8 /* en */ = {isa = PBXFileReference; lastKnownFileType = text.plist.strings; name = en; path = en.lproj/InfoPlist.strings; sourceTree = "<group>"; };
		5538EE07145A2993008173D8 /* main.m */ = {isa = PBXFileReference; lastKnownFileType = sourcecode.c.objc; path = main.m; sourceTree = "<group>"; };
		5538EE09145A2993008173D8 /* SimplSerializationTests-Prefix.pch */ = {isa = PBXFileReference; lastKnownFileType = sourcecode.c.h; path = "SimplSerializationTests-Prefix.pch"; sourceTree = "<group>"; };
		5538EE1D145A29C6008173D8 /* GHUnitIOS.framework */ = {isa = PBXFileReference; lastKnownFileType = wrapper.framework; path = GHUnitIOS.framework; sourceTree = "<group>"; };
		5538EE21145A2B09008173D8 /* MyClass.m */ = {isa = PBXFileReference; fileEncoding = 4; lastKnownFileType = sourcecode.c.objc; path = MyClass.m; sourceTree = "<group>"; };
		5538EE2F145A3221008173D8 /* DictionaryList.h */ = {isa = PBXFileReference; fileEncoding = 4; lastKnownFileType = sourcecode.c.h; path = DictionaryList.h; sourceTree = "<group>"; };
		5538EE30145A3221008173D8 /* DictionaryList.m */ = {isa = PBXFileReference; fileEncoding = 4; lastKnownFileType = sourcecode.c.objc; path = DictionaryList.m; sourceTree = "<group>"; };
		5538EE31145A3221008173D8 /* Scope.h */ = {isa = PBXFileReference; fileEncoding = 4; lastKnownFileType = sourcecode.c.h; path = Scope.h; sourceTree = "<group>"; };
		5538EE32145A3221008173D8 /* Scope.m */ = {isa = PBXFileReference; fileEncoding = 4; lastKnownFileType = sourcecode.c.objc; path = Scope.m; sourceTree = "<group>"; };
		5538EE34145A3221008173D8 /* ParsedURL.h */ = {isa = PBXFileReference; fileEncoding = 4; lastKnownFileType = sourcecode.c.h; path = ParsedURL.h; sourceTree = "<group>"; };
		5538EE35145A3221008173D8 /* ParsedURL.m */ = {isa = PBXFileReference; fileEncoding = 4; lastKnownFileType = sourcecode.c.objc; path = ParsedURL.m; sourceTree = "<group>"; };
		5538EE38145A3221008173D8 /* ClassDescriptor.h */ = {isa = PBXFileReference; fileEncoding = 4; lastKnownFileType = sourcecode.c.h; path = ClassDescriptor.h; sourceTree = "<group>"; };
		5538EE39145A3221008173D8 /* ClassDescriptor.m */ = {isa = PBXFileReference; fileEncoding = 4; lastKnownFileType = sourcecode.c.objc; path = ClassDescriptor.m; sourceTree = "<group>"; };
		5538EE3C145A3221008173D8 /* ElementState.h */ = {isa = PBXFileReference; fileEncoding = 4; lastKnownFileType = sourcecode.c.h; path = ElementState.h; sourceTree = "<group>"; };
		5538EE3D145A3221008173D8 /* ElementState.m */ = {isa = PBXFileReference; fileEncoding = 4; lastKnownFileType = sourcecode.c.objc; path = ElementState.m; sourceTree = "<group>"; };
		5538EE40145A3221008173D8 /* FieldDescriptor.h */ = {isa = PBXFileReference; fileEncoding = 4; lastKnownFileType = sourcecode.c.h; path = FieldDescriptor.h; sourceTree = "<group>"; };
		5538EE41145A3221008173D8 /* FieldDescriptor.m */ = {isa = PBXFileReference; fileEncoding = 4; lastKnownFileType = sourcecode.c.objc; path = FieldDescriptor.m; sourceTree = "<group>"; };
		5538EE42145A3221008173D8 /* FieldTypes.h */ = {isa = PBXFileReference; fileEncoding = 4; lastKnownFileType = sourcecode.c.h; path = FieldTypes.h; sourceTree = "<group>"; };
		5538EE46145A3221008173D8 /* SimplTypesScope.h */ = {isa = PBXFileReference; fileEncoding = 4; lastKnownFileType = sourcecode.c.h; path = SimplTypesScope.h; sourceTree = "<group>"; };
		5538EE47145A3221008173D8 /* SimplTypesScope.m */ = {isa = PBXFileReference; fileEncoding = 4; lastKnownFileType = sourcecode.c.objc; path = SimplTypesScope.m; sourceTree = "<group>"; };
		5538EE4A145A3221008173D8 /* Mappable.h */ = {isa = PBXFileReference; fileEncoding = 4; lastKnownFileType = sourcecode.c.h; lineEnding = 0; path = Mappable.h; sourceTree = "<group>"; xcLanguageSpecificationIdentifier = xcode.lang.objcpp; };
		5538EE6C145A3221008173D8 /* Type.h */ = {isa = PBXFileReference; fileEncoding = 4; lastKnownFileType = sourcecode.c.h; path = Type.h; sourceTree = "<group>"; };
		5538EE6E145A3221008173D8 /* SimplTools.h */ = {isa = PBXFileReference; fileEncoding = 4; lastKnownFileType = sourcecode.c.h; path = SimplTools.h; sourceTree = "<group>"; };
		5538EE6F145A3221008173D8 /* SimplTools.m */ = {isa = PBXFileReference; fileEncoding = 4; lastKnownFileType = sourcecode.c.objc; path = SimplTools.m; sourceTree = "<group>"; };
		5538EEC3145A358F008173D8 /* TranslationContext.h */ = {isa = PBXFileReference; fileEncoding = 4; lastKnownFileType = sourcecode.c.h; name = TranslationContext.h; path = Graph/TranslationContext.h; sourceTree = "<group>"; };
		5538EEC4145A358F008173D8 /* TranslationContext.m */ = {isa = PBXFileReference; fileEncoding = 4; lastKnownFileType = sourcecode.c.objc; name = TranslationContext.m; path = Graph/TranslationContext.m; sourceTree = "<group>"; };
		5538EEC9145A35DD008173D8 /* ScalarUnmarshallingContext.h */ = {isa = PBXFileReference; fileEncoding = 4; lastKnownFileType = sourcecode.c.h; name = ScalarUnmarshallingContext.h; path = Graph/ScalarUnmarshallingContext.h; sourceTree = "<group>"; };
		5538EECB145A38AC008173D8 /* MultiMap.h */ = {isa = PBXFileReference; fileEncoding = 4; lastKnownFileType = sourcecode.c.h; name = MultiMap.h; path = Graph/MultiMap.h; sourceTree = "<group>"; };
		5538EECC145A38AC008173D8 /* MultiMap.m */ = {isa = PBXFileReference; fileEncoding = 4; lastKnownFileType = sourcecode.c.objc; name = MultiMap.m; path = Graph/MultiMap.m; sourceTree = "<group>"; };
		55759E8114997D7D000F1CE8 /* ClassA.h */ = {isa = PBXFileReference; fileEncoding = 4; lastKnownFileType = sourcecode.c.h; path = ClassA.h; sourceTree = "<group>"; };
		55759E8214997D7D000F1CE8 /* ClassA.m */ = {isa = PBXFileReference; fileEncoding = 4; lastKnownFileType = sourcecode.c.objc; path = ClassA.m; sourceTree = "<group>"; };
		55759E8314997D7D000F1CE8 /* ClassB.h */ = {isa = PBXFileReference; fileEncoding = 4; lastKnownFileType = sourcecode.c.h; path = ClassB.h; sourceTree = "<group>"; };
		55759E8414997D7D000F1CE8 /* ClassB.m */ = {isa = PBXFileReference; fileEncoding = 4; lastKnownFileType = sourcecode.c.objc; path = ClassB.m; sourceTree = "<group>"; };
		55759E8514997D7D000F1CE8 /* ClassC.h */ = {isa = PBXFileReference; fileEncoding = 4; lastKnownFileType = sourcecode.c.h; path = ClassC.h; sourceTree = "<group>"; };
		55759E8614997D7D000F1CE8 /* ClassC.m */ = {isa = PBXFileReference; fileEncoding = 4; lastKnownFileType = sourcecode.c.objc; path = ClassC.m; sourceTree = "<group>"; };
		55759E8714997D7D000F1CE8 /* ClassD.h */ = {isa = PBXFileReference; fileEncoding = 4; lastKnownFileType = sourcecode.c.h; path = ClassD.h; sourceTree = "<group>"; };
		55759E8814997D7D000F1CE8 /* ClassD.m */ = {isa = PBXFileReference; fileEncoding = 4; lastKnownFileType = sourcecode.c.objc; path = ClassD.m; sourceTree = "<group>"; };
		55759E8914997D7D000F1CE8 /* ClassX.h */ = {isa = PBXFileReference; fileEncoding = 4; lastKnownFileType = sourcecode.c.h; path = ClassX.h; sourceTree = "<group>"; };
		55759E8A14997D7D000F1CE8 /* ClassX.m */ = {isa = PBXFileReference; fileEncoding = 4; lastKnownFileType = sourcecode.c.objc; path = ClassX.m; sourceTree = "<group>"; };
		55759E8C14997D7E000F1CE8 /* ClassDes.h */ = {isa = PBXFileReference; fileEncoding = 4; lastKnownFileType = sourcecode.c.h; path = ClassDes.h; sourceTree = "<group>"; };
		55759E8D14997D7E000F1CE8 /* ClassDes.m */ = {isa = PBXFileReference; fileEncoding = 4; lastKnownFileType = sourcecode.c.objc; path = ClassDes.m; sourceTree = "<group>"; };
		55759E8E14997D7E000F1CE8 /* FieldDes.h */ = {isa = PBXFileReference; fileEncoding = 4; lastKnownFileType = sourcecode.c.h; path = FieldDes.h; sourceTree = "<group>"; };
		55759E8F14997D7E000F1CE8 /* FieldDes.m */ = {isa = PBXFileReference; fileEncoding = 4; lastKnownFileType = sourcecode.c.objc; path = FieldDes.m; sourceTree = "<group>"; };
		55759E9014997D7E000F1CE8 /* TranslationS.h */ = {isa = PBXFileReference; fileEncoding = 4; lastKnownFileType = sourcecode.c.h; path = TranslationS.h; sourceTree = "<group>"; };
		55759E9114997D7E000F1CE8 /* TranslationS.m */ = {isa = PBXFileReference; fileEncoding = 4; lastKnownFileType = sourcecode.c.objc; path = TranslationS.m; sourceTree = "<group>"; };
		55759E9314997D7E000F1CE8 /* Faculty.h */ = {isa = PBXFileReference; fileEncoding = 4; lastKnownFileType = sourcecode.c.h; path = Faculty.h; sourceTree = "<group>"; };
		55759E9414997D7E000F1CE8 /* Faculty.m */ = {isa = PBXFileReference; fileEncoding = 4; lastKnownFileType = sourcecode.c.objc; path = Faculty.m; sourceTree = "<group>"; };
		55759E9514997D7E000F1CE8 /* Person.h */ = {isa = PBXFileReference; fileEncoding = 4; lastKnownFileType = sourcecode.c.h; path = Person.h; sourceTree = "<group>"; };
		55759E9614997D7E000F1CE8 /* Person.m */ = {isa = PBXFileReference; fileEncoding = 4; lastKnownFileType = sourcecode.c.objc; path = Person.m; sourceTree = "<group>"; };
		55759E9714997D7E000F1CE8 /* PersonDirectory.h */ = {isa = PBXFileReference; fileEncoding = 4; lastKnownFileType = sourcecode.c.h; path = PersonDirectory.h; sourceTree = "<group>"; };
		55759E9814997D7E000F1CE8 /* PersonDirectory.m */ = {isa = PBXFileReference; fileEncoding = 4; lastKnownFileType = sourcecode.c.objc; path = PersonDirectory.m; sourceTree = "<group>"; };
		55759E9914997D7E000F1CE8 /* Student.h */ = {isa = PBXFileReference; fileEncoding = 4; lastKnownFileType = sourcecode.c.h; path = Student.h; sourceTree = "<group>"; };
		55759E9A14997D7E000F1CE8 /* Student.m */ = {isa = PBXFileReference; fileEncoding = 4; lastKnownFileType = sourcecode.c.objc; path = Student.m; sourceTree = "<group>"; };
		55759E9B14997D7E000F1CE8 /* StudentDirectory.h */ = {isa = PBXFileReference; fileEncoding = 4; lastKnownFileType = sourcecode.c.h; path = StudentDirectory.h; sourceTree = "<group>"; };
		55759E9C14997D7E000F1CE8 /* StudentDirectory.m */ = {isa = PBXFileReference; fileEncoding = 4; lastKnownFileType = sourcecode.c.objc; path = StudentDirectory.m; sourceTree = "<group>"; };
		55759E9E14997D7E000F1CE8 /* ScalarCollection.h */ = {isa = PBXFileReference; fileEncoding = 4; lastKnownFileType = sourcecode.c.h; path = ScalarCollection.h; sourceTree = "<group>"; };
		55759E9F14997D7E000F1CE8 /* ScalarCollection.m */ = {isa = PBXFileReference; fileEncoding = 4; lastKnownFileType = sourcecode.c.objc; path = ScalarCollection.m; sourceTree = "<group>"; };
		55759EAE149A638B000F1CE8 /* TestingUtils.h */ = {isa = PBXFileReference; fileEncoding = 4; lastKnownFileType = sourcecode.c.h; path = TestingUtils.h; sourceTree = "<group>"; };
		55759EAF149A638B000F1CE8 /* TestingUtils.m */ = {isa = PBXFileReference; fileEncoding = 4; lastKnownFileType = sourcecode.c.objc; path = TestingUtils.m; sourceTree = "<group>"; };
		55759EB2149A862D000F1CE8 /* PersonTest.m */ = {isa = PBXFileReference; fileEncoding = 4; lastKnownFileType = sourcecode.c.objc; path = PersonTest.m; sourceTree = "<group>"; };
		55759EE7149A8A0F000F1CE8 /* classDTScope.h */ = {isa = PBXFileReference; fileEncoding = 4; lastKnownFileType = sourcecode.c.h; path = classDTScope.h; sourceTree = "<group>"; };
		55759EE8149A8A0F000F1CE8 /* classDTScope.m */ = {isa = PBXFileReference; fileEncoding = 4; lastKnownFileType = sourcecode.c.objc; path = classDTScope.m; sourceTree = "<group>"; };
		55759EE9149A8A0F000F1CE8 /* facultyTScope.h */ = {isa = PBXFileReference; fileEncoding = 4; lastKnownFileType = sourcecode.c.h; path = facultyTScope.h; sourceTree = "<group>"; };
		55759EEA149A8A0F000F1CE8 /* facultyTScope.m */ = {isa = PBXFileReference; fileEncoding = 4; lastKnownFileType = sourcecode.c.objc; path = facultyTScope.m; sourceTree = "<group>"; };
		55759EEB149A8A0F000F1CE8 /* personDirectoryTScope.h */ = {isa = PBXFileReference; fileEncoding = 4; lastKnownFileType = sourcecode.c.h; path = personDirectoryTScope.h; sourceTree = "<group>"; };
		55759EEC149A8A0F000F1CE8 /* personDirectoryTScope.m */ = {isa = PBXFileReference; fileEncoding = 4; lastKnownFileType = sourcecode.c.objc; path = personDirectoryTScope.m; sourceTree = "<group>"; };
		55759EED149A8A0F000F1CE8 /* personTScope.h */ = {isa = PBXFileReference; fileEncoding = 4; lastKnownFileType = sourcecode.c.h; path = personTScope.h; sourceTree = "<group>"; };
		55759EEE149A8A0F000F1CE8 /* personTScope.m */ = {isa = PBXFileReference; fileEncoding = 4; lastKnownFileType = sourcecode.c.objc; path = personTScope.m; sourceTree = "<group>"; };
		55759EEF149A8A0F000F1CE8 /* scalarCollectionTScope.h */ = {isa = PBXFileReference; fileEncoding = 4; lastKnownFileType = sourcecode.c.h; path = scalarCollectionTScope.h; sourceTree = "<group>"; };
		55759EF0149A8A0F000F1CE8 /* scalarCollectionTScope.m */ = {isa = PBXFileReference; fileEncoding = 4; lastKnownFileType = sourcecode.c.objc; path = scalarCollectionTScope.m; sourceTree = "<group>"; };
		55759EF1149A8A0F000F1CE8 /* studentDirectoryTScope.h */ = {isa = PBXFileReference; fileEncoding = 4; lastKnownFileType = sourcecode.c.h; path = studentDirectoryTScope.h; sourceTree = "<group>"; };
		55759EF2149A8A0F000F1CE8 /* studentDirectoryTScope.m */ = {isa = PBXFileReference; fileEncoding = 4; lastKnownFileType = sourcecode.c.objc; path = studentDirectoryTScope.m; sourceTree = "<group>"; };
		55759EF3149A8A0F000F1CE8 /* studentTScope.h */ = {isa = PBXFileReference; fileEncoding = 4; lastKnownFileType = sourcecode.c.h; path = studentTScope.h; sourceTree = "<group>"; };
		55759EF4149A8A0F000F1CE8 /* studentTScope.m */ = {isa = PBXFileReference; fileEncoding = 4; lastKnownFileType = sourcecode.c.objc; path = studentTScope.m; sourceTree = "<group>"; };
		55759EF5149A8A0F000F1CE8 /* testingMapWithinMapsTScope.h */ = {isa = PBXFileReference; fileEncoding = 4; lastKnownFileType = sourcecode.c.h; path = testingMapWithinMapsTScope.h; sourceTree = "<group>"; };
		55759EF6149A8A0F000F1CE8 /* testingMapWithinMapsTScope.m */ = {isa = PBXFileReference; fileEncoding = 4; lastKnownFileType = sourcecode.c.objc; path = testingMapWithinMapsTScope.m; sourceTree = "<group>"; };
		55759F01149A9A00000F1CE8 /* personTScope.xml */ = {isa = PBXFileReference; fileEncoding = 4; lastKnownFileType = text.xml; path = personTScope.xml; sourceTree = "<group>"; };
		55759F04149A9BF8000F1CE8 /* FacultyTest.m */ = {isa = PBXFileReference; fileEncoding = 4; lastKnownFileType = sourcecode.c.objc; path = FacultyTest.m; sourceTree = "<group>"; };
		55759F06149A9CA7000F1CE8 /* facultyTScope.xml */ = {isa = PBXFileReference; fileEncoding = 4; lastKnownFileType = text.xml; path = facultyTScope.xml; sourceTree = "<group>"; };
		5594E895149FCD0500274B9E /* SimplEnum.h */ = {isa = PBXFileReference; fileEncoding = 4; lastKnownFileType = sourcecode.c.h; path = SimplEnum.h; sourceTree = "<group>"; };
		5594E896149FCD0500274B9E /* SimplEnum.m */ = {isa = PBXFileReference; fileEncoding = 4; lastKnownFileType = sourcecode.c.objc; path = SimplEnum.m; sourceTree = "<group>"; };
		5594E899149FCEC100274B9E /* VisibilityEnum.h */ = {isa = PBXFileReference; fileEncoding = 4; lastKnownFileType = sourcecode.c.h; path = VisibilityEnum.h; sourceTree = "<group>"; };
		5594E89A149FCEC100274B9E /* VisibilityEnum.m */ = {isa = PBXFileReference; fileEncoding = 4; lastKnownFileType = sourcecode.c.objc; path = VisibilityEnum.m; sourceTree = "<group>"; };
		5594E8AC149FD33D00274B9E /* AnotherEnum.h */ = {isa = PBXFileReference; fileEncoding = 4; lastKnownFileType = sourcecode.c.h; path = AnotherEnum.h; sourceTree = "<group>"; };
		5594E8AD149FD33D00274B9E /* AnotherEnum.m */ = {isa = PBXFileReference; fileEncoding = 4; lastKnownFileType = sourcecode.c.objc; path = AnotherEnum.m; sourceTree = "<group>"; };
		5594E8B0149FD3E200274B9E /* EnumTest.m */ = {isa = PBXFileReference; fileEncoding = 4; lastKnownFileType = sourcecode.c.objc; path = EnumTest.m; sourceTree = "<group>"; };
		5594E8F614A1410400274B9E /* SBJsonTokeniser.h */ = {isa = PBXFileReference; fileEncoding = 4; lastKnownFileType = sourcecode.c.h; path = SBJsonTokeniser.h; sourceTree = "<group>"; };
		5594E8F714A1410400274B9E /* SBJsonTokeniser.m */ = {isa = PBXFileReference; fileEncoding = 4; lastKnownFileType = sourcecode.c.objc; path = SBJsonTokeniser.m; sourceTree = "<group>"; };
		5594E8F814A1410400274B9E /* SBJsonUTF8Stream.h */ = {isa = PBXFileReference; fileEncoding = 4; lastKnownFileType = sourcecode.c.h; path = SBJsonUTF8Stream.h; sourceTree = "<group>"; };
		5594E8F914A1410400274B9E /* SBJsonUTF8Stream.m */ = {isa = PBXFileReference; fileEncoding = 4; lastKnownFileType = sourcecode.c.objc; path = SBJsonUTF8Stream.m; sourceTree = "<group>"; };
		55A18A3D14675BD90079BC27 /* SimplBaseType.h */ = {isa = PBXFileReference; fileEncoding = 4; lastKnownFileType = sourcecode.c.h; path = SimplBaseType.h; sourceTree = "<group>"; };
		55A18A3E14675BD90079BC27 /* SimplBaseType.m */ = {isa = PBXFileReference; fileEncoding = 4; lastKnownFileType = sourcecode.c.objc; path = SimplBaseType.m; sourceTree = "<group>"; };
		55A18A4314675CB10079BC27 /* DescriptorBase.h */ = {isa = PBXFileReference; fileEncoding = 4; lastKnownFileType = sourcecode.c.h; path = DescriptorBase.h; sourceTree = "<group>"; };
		55A18A4414675CB10079BC27 /* DescriptorBase.m */ = {isa = PBXFileReference; fileEncoding = 4; lastKnownFileType = sourcecode.c.objc; path = DescriptorBase.m; sourceTree = "<group>"; };
		55D0E8191461BAF700A9F9B8 /* BootstrapConstants.h */ = {isa = PBXFileReference; fileEncoding = 4; lastKnownFileType = sourcecode.c.h; path = BootstrapConstants.h; sourceTree = "<group>"; };
		55D0E81C1461BF8900A9F9B8 /* JsonReader.h */ = {isa = PBXFileReference; fileEncoding = 4; lastKnownFileType = sourcecode.c.h; name = JsonReader.h; path = Deserializers/Parsers/Json/JsonReader.h; sourceTree = "<group>"; };
		55D0E81D1461BF8900A9F9B8 /* JsonReader.m */ = {isa = PBXFileReference; fileEncoding = 4; lastKnownFileType = sourcecode.c.objc; name = JsonReader.m; path = Deserializers/Parsers/Json/JsonReader.m; sourceTree = "<group>"; };
		55D0E8361461D45A00A9F9B8 /* RssSimplTypes.xml */ = {isa = PBXFileReference; fileEncoding = 4; lastKnownFileType = text.xml; path = RssSimplTypes.xml; sourceTree = "<group>"; };
		55D0E8391461D45A00A9F9B8 /* Channel.h */ = {isa = PBXFileReference; fileEncoding = 4; lastKnownFileType = sourcecode.c.h; path = Channel.h; sourceTree = "<group>"; };
		55D0E83A1461D45A00A9F9B8 /* Channel.m */ = {isa = PBXFileReference; fileEncoding = 4; lastKnownFileType = sourcecode.c.objc; path = Channel.m; sourceTree = "<group>"; };
		55D0E83B1461D45A00A9F9B8 /* Item.h */ = {isa = PBXFileReference; fileEncoding = 4; lastKnownFileType = sourcecode.c.h; path = Item.h; sourceTree = "<group>"; };
		55D0E83C1461D45A00A9F9B8 /* Item.m */ = {isa = PBXFileReference; fileEncoding = 4; lastKnownFileType = sourcecode.c.objc; path = Item.m; sourceTree = "<group>"; };
		55D0E83D1461D45A00A9F9B8 /* Rss.h */ = {isa = PBXFileReference; fileEncoding = 4; lastKnownFileType = sourcecode.c.h; path = Rss.h; sourceTree = "<group>"; };
		55D0E83E1461D45A00A9F9B8 /* Rss.m */ = {isa = PBXFileReference; fileEncoding = 4; lastKnownFileType = sourcecode.c.objc; path = Rss.m; sourceTree = "<group>"; };
		55D0E8401461D45A00A9F9B8 /* RssSimplTypes.h */ = {isa = PBXFileReference; fileEncoding = 4; lastKnownFileType = sourcecode.c.h; path = RssSimplTypes.h; sourceTree = "<group>"; };
		55D0E8411461D45A00A9F9B8 /* RssSimplTypes.m */ = {isa = PBXFileReference; fileEncoding = 4; lastKnownFileType = sourcecode.c.objc; path = RssSimplTypes.m; sourceTree = "<group>"; };
		55D0E8501461D4E900A9F9B8 /* RssTest.m */ = {isa = PBXFileReference; fileEncoding = 4; lastKnownFileType = sourcecode.c.objc; path = RssTest.m; sourceTree = "<group>"; };
		55D0E8541461D5FE00A9F9B8 /* JsonPullDeserializer.h */ = {isa = PBXFileReference; fileEncoding = 4; lastKnownFileType = sourcecode.c.h; name = JsonPullDeserializer.h; path = Deserializers/StringFormats/JsonPullDeserializer.h; sourceTree = "<group>"; };
		55D0E8551461D5FE00A9F9B8 /* JsonPullDeserializer.m */ = {isa = PBXFileReference; fileEncoding = 4; lastKnownFileType = sourcecode.c.objc; name = JsonPullDeserializer.m; path = Deserializers/StringFormats/JsonPullDeserializer.m; sourceTree = "<group>"; };
		55D0E8591461E07400A9F9B8 /* BootStrap.h */ = {isa = PBXFileReference; fileEncoding = 4; lastKnownFileType = sourcecode.c.h; path = BootStrap.h; sourceTree = "<group>"; };
		55D0E85A1461E07600A9F9B8 /* BootStrap.m */ = {isa = PBXFileReference; fileEncoding = 4; lastKnownFileType = sourcecode.c.objc; path = BootStrap.m; sourceTree = "<group>"; };
		55D2C473145F1B9E00CBF4F7 /* XmlPullDeserializer.h */ = {isa = PBXFileReference; fileEncoding = 4; lastKnownFileType = sourcecode.c.h; name = XmlPullDeserializer.h; path = Deserializers/StringFormats/XmlPullDeserializer.h; sourceTree = "<group>"; };
		55D2C474145F1B9E00CBF4F7 /* XmlPullDeserializer.m */ = {isa = PBXFileReference; fileEncoding = 4; lastKnownFileType = sourcecode.c.objc; name = XmlPullDeserializer.m; path = Deserializers/StringFormats/XmlPullDeserializer.m; sourceTree = "<group>"; };
		55D2C479145F1BB200CBF4F7 /* StringPullDeserializer.h */ = {isa = PBXFileReference; fileEncoding = 4; lastKnownFileType = sourcecode.c.h; name = StringPullDeserializer.h; path = Deserializers/StringFormats/StringPullDeserializer.h; sourceTree = "<group>"; };
		55D2C47A145F1BB200CBF4F7 /* StringPullDeserializer.m */ = {isa = PBXFileReference; fileEncoding = 4; lastKnownFileType = sourcecode.c.objc; name = StringPullDeserializer.m; path = Deserializers/StringFormats/StringPullDeserializer.m; sourceTree = "<group>"; };
		55D2C47E145F1BC300CBF4F7 /* BinaryPullDeserializer.h */ = {isa = PBXFileReference; fileEncoding = 4; lastKnownFileType = sourcecode.c.h; name = BinaryPullDeserializer.h; path = Deserializers/BinaryFormats/BinaryPullDeserializer.h; sourceTree = "<group>"; };
		55D2C47F145F1BC300CBF4F7 /* BinaryPullDeserializer.m */ = {isa = PBXFileReference; fileEncoding = 4; lastKnownFileType = sourcecode.c.objc; name = BinaryPullDeserializer.m; path = Deserializers/BinaryFormats/BinaryPullDeserializer.m; sourceTree = "<group>"; };
		55D2C483145F1BD700CBF4F7 /* TlvPullDeserializer.h */ = {isa = PBXFileReference; fileEncoding = 4; lastKnownFileType = sourcecode.c.h; name = TlvPullDeserializer.h; path = Deserializers/BinaryFormats/TlvPullDeserializer.h; sourceTree = "<group>"; };
		55D2C484145F1BD700CBF4F7 /* TlvPullDeserializer.m */ = {isa = PBXFileReference; fileEncoding = 4; lastKnownFileType = sourcecode.c.objc; name = TlvPullDeserializer.m; path = Deserializers/BinaryFormats/TlvPullDeserializer.m; sourceTree = "<group>"; };
		55D2C488145F1E1300CBF4F7 /* SimplDefs.h */ = {isa = PBXFileReference; fileEncoding = 4; lastKnownFileType = sourcecode.c.h; path = SimplDefs.h; sourceTree = "<group>"; };
		55D2C495145F235900CBF4F7 /* BibtexSerializer.h */ = {isa = PBXFileReference; fileEncoding = 4; lastKnownFileType = sourcecode.c.h; name = BibtexSerializer.h; path = Serializers/StringFormats/BibtexSerializer.h; sourceTree = "<group>"; };
		55D2C496145F235900CBF4F7 /* BibtexSerializer.m */ = {isa = PBXFileReference; fileEncoding = 4; lastKnownFileType = sourcecode.c.objc; name = BibtexSerializer.m; path = Serializers/StringFormats/BibtexSerializer.m; sourceTree = "<group>"; };
		55D2C49A145F391A00CBF4F7 /* DeserializationHookStrategy.h */ = {isa = PBXFileReference; fileEncoding = 4; lastKnownFileType = sourcecode.c.h; name = DeserializationHookStrategy.h; path = Deserializers/DeserializationHookStrategy.h; sourceTree = "<group>"; };
		55D2C49C145F3E9600CBF4F7 /* SimplDeserializationPre.h */ = {isa = PBXFileReference; fileEncoding = 4; lastKnownFileType = sourcecode.c.h; name = SimplDeserializationPre.h; path = Deserializers/SimplDeserializationPre.h; sourceTree = "<group>"; };
		55D2C49E145F3EA600CBF4F7 /* SimplDeserializationPost.h */ = {isa = PBXFileReference; fileEncoding = 4; lastKnownFileType = sourcecode.c.h; name = SimplDeserializationPost.h; path = Deserializers/SimplDeserializationPost.h; sourceTree = "<group>"; };
		55DDB19E145A27A900D7991C /* libSimplSerialization.a */ = {isa = PBXFileReference; explicitFileType = archive.ar; includeInIndex = 0; path = libSimplSerialization.a; sourceTree = BUILT_PRODUCTS_DIR; };
		55DDB1A1145A27A900D7991C /* Foundation.framework */ = {isa = PBXFileReference; lastKnownFileType = wrapper.framework; name = Foundation.framework; path = System/Library/Frameworks/Foundation.framework; sourceTree = SDKROOT; };
		55DDB1A5145A27A900D7991C /* SimplSerialization-Prefix.pch */ = {isa = PBXFileReference; lastKnownFileType = sourcecode.c.h; path = "SimplSerialization-Prefix.pch"; sourceTree = "<group>"; };
		55F9F819145A481000F4AFBD /* XmlStreamReader.h */ = {isa = PBXFileReference; fileEncoding = 4; lastKnownFileType = sourcecode.c.h; name = XmlStreamReader.h; path = Deserializers/Parsers/Xml/XmlStreamReader.h; sourceTree = "<group>"; };
		55F9F81A145A481000F4AFBD /* XmlStreamReader.m */ = {isa = PBXFileReference; fileEncoding = 4; lastKnownFileType = sourcecode.c.objc; name = XmlStreamReader.m; path = Deserializers/Parsers/Xml/XmlStreamReader.m; sourceTree = "<group>"; };
		55F9F81E145A4B4800F4AFBD /* libxml2.dylib */ = {isa = PBXFileReference; lastKnownFileType = "compiled.mach-o.dylib"; name = libxml2.dylib; path = usr/lib/libxml2.dylib; sourceTree = SDKROOT; };
		55F9F82C145B0E9800F4AFBD /* FormatSerializer.h */ = {isa = PBXFileReference; fileEncoding = 4; lastKnownFileType = sourcecode.c.h; name = FormatSerializer.h; path = Serializers/FormatSerializer.h; sourceTree = "<group>"; };
		55F9F82D145B0E9800F4AFBD /* FormatSerializer.m */ = {isa = PBXFileReference; fileEncoding = 4; lastKnownFileType = sourcecode.c.objc; name = FormatSerializer.m; path = Serializers/FormatSerializer.m; sourceTree = "<group>"; };
		55F9F833145B0ECF00F4AFBD /* SimplSerializationPre.h */ = {isa = PBXFileReference; fileEncoding = 4; lastKnownFileType = sourcecode.c.h; name = SimplSerializationPre.h; path = Serializers/SimplSerializationPre.h; sourceTree = "<group>"; };
		55F9F835145B0EF600F4AFBD /* SimplSerializationPost.h */ = {isa = PBXFileReference; fileEncoding = 4; lastKnownFileType = sourcecode.c.h; name = SimplSerializationPost.h; path = Serializers/SimplSerializationPost.h; sourceTree = "<group>"; };
		55F9F840145B0F5100F4AFBD /* StringSerializer.h */ = {isa = PBXFileReference; fileEncoding = 4; lastKnownFileType = sourcecode.c.h; name = StringSerializer.h; path = Serializers/StringFormats/StringSerializer.h; sourceTree = "<group>"; };
		55F9F841145B0F5100F4AFBD /* StringSerializer.m */ = {isa = PBXFileReference; fileEncoding = 4; lastKnownFileType = sourcecode.c.objc; name = StringSerializer.m; path = Serializers/StringFormats/StringSerializer.m; sourceTree = "<group>"; };
		55F9F84A145B0F7300F4AFBD /* XmlSerializer.h */ = {isa = PBXFileReference; fileEncoding = 4; lastKnownFileType = sourcecode.c.h; name = XmlSerializer.h; path = Serializers/StringFormats/XmlSerializer.h; sourceTree = "<group>"; };
		55F9F84B145B0F7300F4AFBD /* XmlSerializer.m */ = {isa = PBXFileReference; fileEncoding = 4; lastKnownFileType = sourcecode.c.objc; name = XmlSerializer.m; path = Serializers/StringFormats/XmlSerializer.m; sourceTree = "<group>"; };
		55F9F84F145B0F8600F4AFBD /* JsonSerializer.h */ = {isa = PBXFileReference; fileEncoding = 4; lastKnownFileType = sourcecode.c.h; name = JsonSerializer.h; path = Serializers/StringFormats/JsonSerializer.h; sourceTree = "<group>"; };
		55F9F850145B0F8600F4AFBD /* JsonSerializer.m */ = {isa = PBXFileReference; fileEncoding = 4; lastKnownFileType = sourcecode.c.objc; name = JsonSerializer.m; path = Serializers/StringFormats/JsonSerializer.m; sourceTree = "<group>"; };
		55F9F854145B0F9D00F4AFBD /* BinarySerializer.h */ = {isa = PBXFileReference; fileEncoding = 4; lastKnownFileType = sourcecode.c.h; name = BinarySerializer.h; path = Serializers/BinaryFormats/BinarySerializer.h; sourceTree = "<group>"; };
		55F9F855145B0F9D00F4AFBD /* BinarySerializer.m */ = {isa = PBXFileReference; fileEncoding = 4; lastKnownFileType = sourcecode.c.objc; name = BinarySerializer.m; path = Serializers/BinaryFormats/BinarySerializer.m; sourceTree = "<group>"; };
		55F9F859145B0FB000F4AFBD /* TlvSerializer.h */ = {isa = PBXFileReference; fileEncoding = 4; lastKnownFileType = sourcecode.c.h; name = TlvSerializer.h; path = Serializers/BinaryFormats/TlvSerializer.h; sourceTree = "<group>"; };
		55F9F85A145B0FB000F4AFBD /* TlvSerializer.m */ = {isa = PBXFileReference; fileEncoding = 4; lastKnownFileType = sourcecode.c.objc; name = TlvSerializer.m; path = Serializers/BinaryFormats/TlvSerializer.m; sourceTree = "<group>"; };
		55F9F860145B113D00F4AFBD /* PullDeserializer.h */ = {isa = PBXFileReference; fileEncoding = 4; lastKnownFileType = sourcecode.c.h; name = PullDeserializer.h; path = Deserializers/PullDeserializer.h; sourceTree = "<group>"; };
		55F9F861145B113D00F4AFBD /* PullDeserializer.m */ = {isa = PBXFileReference; fileEncoding = 4; lastKnownFileType = sourcecode.c.objc; name = PullDeserializer.m; path = Deserializers/PullDeserializer.m; sourceTree = "<group>"; };
/* End PBXFileReference section */

/* Begin PBXFrameworksBuildPhase section */
		5538EDF7145A2993008173D8 /* Frameworks */ = {
			isa = PBXFrameworksBuildPhase;
			buildActionMask = 2147483647;
			files = (
				55F9F820145A4B6300F4AFBD /* libxml2.dylib in Frameworks */,
				5538EDFD145A2993008173D8 /* UIKit.framework in Frameworks */,
				5538EDFE145A2993008173D8 /* Foundation.framework in Frameworks */,
				5538EE00145A2993008173D8 /* CoreGraphics.framework in Frameworks */,
				5538EE1E145A29C6008173D8 /* GHUnitIOS.framework in Frameworks */,
			);
			runOnlyForDeploymentPostprocessing = 0;
		};
		55DDB19B145A27A900D7991C /* Frameworks */ = {
			isa = PBXFrameworksBuildPhase;
			buildActionMask = 2147483647;
			files = (
				55F9F81F145A4B4800F4AFBD /* libxml2.dylib in Frameworks */,
				55DDB1A2145A27A900D7991C /* Foundation.framework in Frameworks */,
			);
			runOnlyForDeploymentPostprocessing = 0;
		};
/* End PBXFrameworksBuildPhase section */

/* Begin PBXGroup section */
		5538EE01145A2993008173D8 /* SimplSerializationTests */ = {
			isa = PBXGroup;
			children = (
				55759F06149A9CA7000F1CE8 /* facultyTScope.xml */,
				55759F01149A9A00000F1CE8 /* personTScope.xml */,
				55759EE6149A8A0F000F1CE8 /* tscope */,
				55759E7F14997D7D000F1CE8 /* graph */,
				55759E8B14997D7D000F1CE8 /* maps */,
				55759E9214997D7E000F1CE8 /* person */,
				55759E9D14997D7E000F1CE8 /* scalar */,
				55D0E8351461D45A00A9F9B8 /* rss */,
				5538EE02145A2993008173D8 /* Supporting Files */,
				5538EE21145A2B09008173D8 /* MyClass.m */,
				55D0E8501461D4E900A9F9B8 /* RssTest.m */,
				55759EB2149A862D000F1CE8 /* PersonTest.m */,
				55759F04149A9BF8000F1CE8 /* FacultyTest.m */,
				5594E8B0149FD3E200274B9E /* EnumTest.m */,
				55759EAE149A638B000F1CE8 /* TestingUtils.h */,
				55759EAF149A638B000F1CE8 /* TestingUtils.m */,
				5594E899149FCEC100274B9E /* VisibilityEnum.h */,
				5594E89A149FCEC100274B9E /* VisibilityEnum.m */,
				5594E8AC149FD33D00274B9E /* AnotherEnum.h */,
				5594E8AD149FD33D00274B9E /* AnotherEnum.m */,
			);
			path = SimplSerializationTests;
			sourceTree = "<group>";
		};
		5538EE02145A2993008173D8 /* Supporting Files */ = {
			isa = PBXGroup;
			children = (
				5538EE03145A2993008173D8 /* SimplSerializationTests-Info.plist */,
				5538EE04145A2993008173D8 /* InfoPlist.strings */,
				5538EE07145A2993008173D8 /* main.m */,
				5538EE09145A2993008173D8 /* SimplSerializationTests-Prefix.pch */,
			);
			name = "Supporting Files";
			sourceTree = "<group>";
		};
		5538EE2E145A3221008173D8 /* Collections */ = {
			isa = PBXGroup;
			children = (
				5538EE2F145A3221008173D8 /* DictionaryList.h */,
				5538EE30145A3221008173D8 /* DictionaryList.m */,
				5538EE31145A3221008173D8 /* Scope.h */,
				5538EE32145A3221008173D8 /* Scope.m */,
			);
			path = Collections;
			sourceTree = "<group>";
		};
		5538EE33145A3221008173D8 /* Net */ = {
			isa = PBXGroup;
			children = (
				5538EE34145A3221008173D8 /* ParsedURL.h */,
				5538EE35145A3221008173D8 /* ParsedURL.m */,
			);
			path = Net;
			sourceTree = "<group>";
		};
		5538EE36145A3221008173D8 /* Serialization */ = {
			isa = PBXGroup;
			children = (
				55F9F828145B0E1D00F4AFBD /* Serializers */,
				55F9F816145A47A500F4AFBD /* Deserializers */,
				5538EEC8145A3594008173D8 /* Graph */,
				5538EE48145A3221008173D8 /* Types */,
				5538EE38145A3221008173D8 /* ClassDescriptor.h */,
				5538EE39145A3221008173D8 /* ClassDescriptor.m */,
				5538EE3C145A3221008173D8 /* ElementState.h */,
				5538EE3D145A3221008173D8 /* ElementState.m */,
				5538EE40145A3221008173D8 /* FieldDescriptor.h */,
				5538EE41145A3221008173D8 /* FieldDescriptor.m */,
				5538EE46145A3221008173D8 /* SimplTypesScope.h */,
				5538EE47145A3221008173D8 /* SimplTypesScope.m */,
				5538EE42145A3221008173D8 /* FieldTypes.h */,
				5538EE6E145A3221008173D8 /* SimplTools.h */,
				5538EE6F145A3221008173D8 /* SimplTools.m */,
				55D2C488145F1E1300CBF4F7 /* SimplDefs.h */,
				55D0E8191461BAF700A9F9B8 /* BootstrapConstants.h */,
				55D0E8591461E07400A9F9B8 /* BootStrap.h */,
				55D0E85A1461E07600A9F9B8 /* BootStrap.m */,
				55A18A3D14675BD90079BC27 /* SimplBaseType.h */,
				55A18A3E14675BD90079BC27 /* SimplBaseType.m */,
				55A18A4314675CB10079BC27 /* DescriptorBase.h */,
				55A18A4414675CB10079BC27 /* DescriptorBase.m */,
			);
			path = Serialization;
			sourceTree = "<group>";
		};
		5538EE48145A3221008173D8 /* Types */ = {
			isa = PBXGroup;
			children = (
				5538EE49145A3221008173D8 /* Element */,
				5538EE5C145A3221008173D8 /* Scalar */,
				5538EE6C145A3221008173D8 /* Type.h */,
				49EFC2661467883B005E1A6E /* TypeRegistry.h */,
				49EFC2671467883B005E1A6E /* TypeRegistry.m */,
				49EFC26C14678DAF005E1A6E /* SimplType.h */,
				49EFC26D14678DB0005E1A6E /* SimplType.m */,
			);
			path = Types;
			sourceTree = "<group>";
		};
		5538EE49145A3221008173D8 /* Element */ = {
			isa = PBXGroup;
			children = (
				5538EE4A145A3221008173D8 /* Mappable.h */,
			);
			path = Element;
			sourceTree = "<group>";
		};
		5538EE5C145A3221008173D8 /* Scalar */ = {
			isa = PBXGroup;
			children = (
				5538EE5F145A3221008173D8 /* Types */,
				49EFC2711467B866005E1A6E /* ScalarType.h */,
				49EFC2721467B866005E1A6E /* ScalarType.m */,
				552E7721146863BC00297B71 /* ReferenceType.h */,
				552E7722146863BC00297B71 /* ReferenceType.m */,
				552E773014688F2200297B71 /* CollectionType.h */,
				552E773114688F2200297B71 /* CollectionType.m */,
				5594E895149FCD0500274B9E /* SimplEnum.h */,
				5594E896149FCD0500274B9E /* SimplEnum.m */,
			);
			path = Scalar;
			sourceTree = "<group>";
		};
		5538EE5F145A3221008173D8 /* Types */ = {
			isa = PBXGroup;
			children = (
				49EFC2761467BFB4005E1A6E /* IntType.h */,
				49EFC2771467BFB4005E1A6E /* IntType.m */,
				49EFC27B1467BFC3005E1A6E /* FloatType.h */,
				49EFC27C1467BFC3005E1A6E /* FloatType.m */,
				552E7726146863DC00297B71 /* StringType.h */,
				552E7727146863DC00297B71 /* StringType.m */,
				552E772B1468644F00297B71 /* ParsedUrlType.h */,
				552E772C1468644F00297B71 /* ParsedUrlType.m */,
			);
			path = Types;
			sourceTree = "<group>";
		};
		5538EEC8145A3594008173D8 /* Graph */ = {
			isa = PBXGroup;
			children = (
				5538EEC9145A35DD008173D8 /* ScalarUnmarshallingContext.h */,
				5538EEC3145A358F008173D8 /* TranslationContext.h */,
				5538EEC4145A358F008173D8 /* TranslationContext.m */,
				5538EECB145A38AC008173D8 /* MultiMap.h */,
				5538EECC145A38AC008173D8 /* MultiMap.m */,
			);
			name = Graph;
			sourceTree = "<group>";
		};
		55759E7F14997D7D000F1CE8 /* graph */ = {
			isa = PBXGroup;
			children = (
				55759E8014997D7D000F1CE8 /* diamond */,
			);
			path = graph;
			sourceTree = "<group>";
		};
		55759E8014997D7D000F1CE8 /* diamond */ = {
			isa = PBXGroup;
			children = (
				55759E8114997D7D000F1CE8 /* ClassA.h */,
				55759E8214997D7D000F1CE8 /* ClassA.m */,
				55759E8314997D7D000F1CE8 /* ClassB.h */,
				55759E8414997D7D000F1CE8 /* ClassB.m */,
				55759E8514997D7D000F1CE8 /* ClassC.h */,
				55759E8614997D7D000F1CE8 /* ClassC.m */,
				55759E8714997D7D000F1CE8 /* ClassD.h */,
				55759E8814997D7D000F1CE8 /* ClassD.m */,
				55759E8914997D7D000F1CE8 /* ClassX.h */,
				55759E8A14997D7D000F1CE8 /* ClassX.m */,
			);
			path = diamond;
			sourceTree = "<group>";
		};
		55759E8B14997D7D000F1CE8 /* maps */ = {
			isa = PBXGroup;
			children = (
				55759E8C14997D7E000F1CE8 /* ClassDes.h */,
				55759E8D14997D7E000F1CE8 /* ClassDes.m */,
				55759E8E14997D7E000F1CE8 /* FieldDes.h */,
				55759E8F14997D7E000F1CE8 /* FieldDes.m */,
				55759E9014997D7E000F1CE8 /* TranslationS.h */,
				55759E9114997D7E000F1CE8 /* TranslationS.m */,
			);
			path = maps;
			sourceTree = "<group>";
		};
		55759E9214997D7E000F1CE8 /* person */ = {
			isa = PBXGroup;
			children = (
				55759E9314997D7E000F1CE8 /* Faculty.h */,
				55759E9414997D7E000F1CE8 /* Faculty.m */,
				55759E9514997D7E000F1CE8 /* Person.h */,
				55759E9614997D7E000F1CE8 /* Person.m */,
				55759E9714997D7E000F1CE8 /* PersonDirectory.h */,
				55759E9814997D7E000F1CE8 /* PersonDirectory.m */,
				55759E9914997D7E000F1CE8 /* Student.h */,
				55759E9A14997D7E000F1CE8 /* Student.m */,
				55759E9B14997D7E000F1CE8 /* StudentDirectory.h */,
				55759E9C14997D7E000F1CE8 /* StudentDirectory.m */,
			);
			path = person;
			sourceTree = "<group>";
		};
		55759E9D14997D7E000F1CE8 /* scalar */ = {
			isa = PBXGroup;
			children = (
				55759E9E14997D7E000F1CE8 /* ScalarCollection.h */,
				55759E9F14997D7E000F1CE8 /* ScalarCollection.m */,
			);
			path = scalar;
			sourceTree = "<group>";
		};
		55759EE6149A8A0F000F1CE8 /* tscope */ = {
			isa = PBXGroup;
			children = (
				55759EE7149A8A0F000F1CE8 /* classDTScope.h */,
				55759EE8149A8A0F000F1CE8 /* classDTScope.m */,
				55759EE9149A8A0F000F1CE8 /* facultyTScope.h */,
				55759EEA149A8A0F000F1CE8 /* facultyTScope.m */,
				55759EEB149A8A0F000F1CE8 /* personDirectoryTScope.h */,
				55759EEC149A8A0F000F1CE8 /* personDirectoryTScope.m */,
				55759EED149A8A0F000F1CE8 /* personTScope.h */,
				55759EEE149A8A0F000F1CE8 /* personTScope.m */,
				55759EEF149A8A0F000F1CE8 /* scalarCollectionTScope.h */,
				55759EF0149A8A0F000F1CE8 /* scalarCollectionTScope.m */,
				55759EF1149A8A0F000F1CE8 /* studentDirectoryTScope.h */,
				55759EF2149A8A0F000F1CE8 /* studentDirectoryTScope.m */,
				55759EF3149A8A0F000F1CE8 /* studentTScope.h */,
				55759EF4149A8A0F000F1CE8 /* studentTScope.m */,
				55759EF5149A8A0F000F1CE8 /* testingMapWithinMapsTScope.h */,
				55759EF6149A8A0F000F1CE8 /* testingMapWithinMapsTScope.m */,
			);
			path = tscope;
			sourceTree = "<group>";
		};
		55D0E81B1461BF6C00A9F9B8 /* Json */ = {
			isa = PBXGroup;
			children = (
				5594E8F614A1410400274B9E /* SBJsonTokeniser.h */,
				5594E8F714A1410400274B9E /* SBJsonTokeniser.m */,
				5594E8F814A1410400274B9E /* SBJsonUTF8Stream.h */,
				5594E8F914A1410400274B9E /* SBJsonUTF8Stream.m */,
				55D0E81C1461BF8900A9F9B8 /* JsonReader.h */,
				55D0E81D1461BF8900A9F9B8 /* JsonReader.m */,
			);
			name = Json;
			sourceTree = "<group>";
		};
		55D0E8351461D45A00A9F9B8 /* rss */ = {
			isa = PBXGroup;
			children = (
				55D0E8371461D45A00A9F9B8 /* tests */,
				55D0E83F1461D45A00A9F9B8 /* tscope */,
				55D0E8361461D45A00A9F9B8 /* RssSimplTypes.xml */,
			);
			path = rss;
			sourceTree = "<group>";
		};
		55D0E8371461D45A00A9F9B8 /* tests */ = {
			isa = PBXGroup;
			children = (
				55D0E8381461D45A00A9F9B8 /* rss */,
			);
			path = tests;
			sourceTree = "<group>";
		};
		55D0E8381461D45A00A9F9B8 /* rss */ = {
			isa = PBXGroup;
			children = (
				55D0E8391461D45A00A9F9B8 /* Channel.h */,
				55D0E83A1461D45A00A9F9B8 /* Channel.m */,
				55D0E83B1461D45A00A9F9B8 /* Item.h */,
				55D0E83C1461D45A00A9F9B8 /* Item.m */,
				55D0E83D1461D45A00A9F9B8 /* Rss.h */,
				55D0E83E1461D45A00A9F9B8 /* Rss.m */,
			);
			path = rss;
			sourceTree = "<group>";
		};
		55D0E83F1461D45A00A9F9B8 /* tscope */ = {
			isa = PBXGroup;
			children = (
				55D0E8401461D45A00A9F9B8 /* RssSimplTypes.h */,
				55D0E8411461D45A00A9F9B8 /* RssSimplTypes.m */,
			);
			path = tscope;
			sourceTree = "<group>";
		};
		55DDB193145A27A900D7991C = {
			isa = PBXGroup;
			children = (
				55DDB1A3145A27A900D7991C /* SimplSerialization */,
				5538EE01145A2993008173D8 /* SimplSerializationTests */,
				55DDB1A0145A27A900D7991C /* Frameworks */,
				55DDB19F145A27A900D7991C /* Products */,
			);
			sourceTree = "<group>";
		};
		55DDB19F145A27A900D7991C /* Products */ = {
			isa = PBXGroup;
			children = (
				55DDB19E145A27A900D7991C /* libSimplSerialization.a */,
				5538EDFA145A2993008173D8 /* SimplSerializationTests.app */,
			);
			name = Products;
			sourceTree = "<group>";
		};
		55DDB1A0145A27A900D7991C /* Frameworks */ = {
			isa = PBXGroup;
			children = (
				5538EE1D145A29C6008173D8 /* GHUnitIOS.framework */,
				55DDB1A1145A27A900D7991C /* Foundation.framework */,
				5538EDFC145A2993008173D8 /* UIKit.framework */,
				5538EDFF145A2993008173D8 /* CoreGraphics.framework */,
				55F9F81E145A4B4800F4AFBD /* libxml2.dylib */,
			);
			name = Frameworks;
			sourceTree = "<group>";
		};
		55DDB1A3145A27A900D7991C /* SimplSerialization */ = {
			isa = PBXGroup;
			children = (
				5538EE2E145A3221008173D8 /* Collections */,
				5538EE33145A3221008173D8 /* Net */,
				5538EE36145A3221008173D8 /* Serialization */,
				55DDB1A4145A27A900D7991C /* Supporting Files */,
			);
			path = SimplSerialization;
			sourceTree = "<group>";
		};
		55DDB1A4145A27A900D7991C /* Supporting Files */ = {
			isa = PBXGroup;
			children = (
				55DDB1A5145A27A900D7991C /* SimplSerialization-Prefix.pch */,
			);
			name = "Supporting Files";
			sourceTree = "<group>";
		};
		55F9F816145A47A500F4AFBD /* Deserializers */ = {
			isa = PBXGroup;
			children = (
				55F9F817145A47EE00F4AFBD /* Parsers */,
				55F9F85F145B101700F4AFBD /* BinaryFormats */,
				55F9F85E145B101400F4AFBD /* StringFormats */,
				55F9F860145B113D00F4AFBD /* PullDeserializer.h */,
				55F9F861145B113D00F4AFBD /* PullDeserializer.m */,
				55D2C49A145F391A00CBF4F7 /* DeserializationHookStrategy.h */,
				55D2C49C145F3E9600CBF4F7 /* SimplDeserializationPre.h */,
				55D2C49E145F3EA600CBF4F7 /* SimplDeserializationPost.h */,
			);
			name = Deserializers;
			sourceTree = "<group>";
		};
		55F9F817145A47EE00F4AFBD /* Parsers */ = {
			isa = PBXGroup;
			children = (
				55D0E81B1461BF6C00A9F9B8 /* Json */,
				55F9F818145A47FC00F4AFBD /* Xml */,
			);
			name = Parsers;
			sourceTree = "<group>";
		};
		55F9F818145A47FC00F4AFBD /* Xml */ = {
			isa = PBXGroup;
			children = (
				55F9F819145A481000F4AFBD /* XmlStreamReader.h */,
				55F9F81A145A481000F4AFBD /* XmlStreamReader.m */,
			);
			name = Xml;
			sourceTree = "<group>";
		};
		55F9F828145B0E1D00F4AFBD /* Serializers */ = {
			isa = PBXGroup;
			children = (
				55F9F82A145B0E2900F4AFBD /* BinaryFormats */,
				55F9F82B145B0E2C00F4AFBD /* StringFormats */,
				55F9F82C145B0E9800F4AFBD /* FormatSerializer.h */,
				55F9F82D145B0E9800F4AFBD /* FormatSerializer.m */,
				55F9F833145B0ECF00F4AFBD /* SimplSerializationPre.h */,
				55F9F835145B0EF600F4AFBD /* SimplSerializationPost.h */,
			);
			name = Serializers;
			sourceTree = "<group>";
		};
		55F9F82A145B0E2900F4AFBD /* BinaryFormats */ = {
			isa = PBXGroup;
			children = (
				55F9F854145B0F9D00F4AFBD /* BinarySerializer.h */,
				55F9F855145B0F9D00F4AFBD /* BinarySerializer.m */,
				55F9F859145B0FB000F4AFBD /* TlvSerializer.h */,
				55F9F85A145B0FB000F4AFBD /* TlvSerializer.m */,
			);
			name = BinaryFormats;
			sourceTree = "<group>";
		};
		55F9F82B145B0E2C00F4AFBD /* StringFormats */ = {
			isa = PBXGroup;
			children = (
				55F9F840145B0F5100F4AFBD /* StringSerializer.h */,
				55F9F841145B0F5100F4AFBD /* StringSerializer.m */,
				55F9F84A145B0F7300F4AFBD /* XmlSerializer.h */,
				55F9F84B145B0F7300F4AFBD /* XmlSerializer.m */,
				55F9F84F145B0F8600F4AFBD /* JsonSerializer.h */,
				55F9F850145B0F8600F4AFBD /* JsonSerializer.m */,
				55D2C495145F235900CBF4F7 /* BibtexSerializer.h */,
				55D2C496145F235900CBF4F7 /* BibtexSerializer.m */,
			);
			name = StringFormats;
			sourceTree = "<group>";
		};
		55F9F85E145B101400F4AFBD /* StringFormats */ = {
			isa = PBXGroup;
			children = (
				55D0E8541461D5FE00A9F9B8 /* JsonPullDeserializer.h */,
				55D0E8551461D5FE00A9F9B8 /* JsonPullDeserializer.m */,
				55D2C473145F1B9E00CBF4F7 /* XmlPullDeserializer.h */,
				55D2C474145F1B9E00CBF4F7 /* XmlPullDeserializer.m */,
				55D2C479145F1BB200CBF4F7 /* StringPullDeserializer.h */,
				55D2C47A145F1BB200CBF4F7 /* StringPullDeserializer.m */,
			);
			name = StringFormats;
			sourceTree = "<group>";
		};
		55F9F85F145B101700F4AFBD /* BinaryFormats */ = {
			isa = PBXGroup;
			children = (
				55D2C47E145F1BC300CBF4F7 /* BinaryPullDeserializer.h */,
				55D2C47F145F1BC300CBF4F7 /* BinaryPullDeserializer.m */,
				55D2C483145F1BD700CBF4F7 /* TlvPullDeserializer.h */,
				55D2C484145F1BD700CBF4F7 /* TlvPullDeserializer.m */,
			);
			name = BinaryFormats;
			sourceTree = "<group>";
		};
/* End PBXGroup section */

/* Begin PBXHeadersBuildPhase section */
		55DDB19C145A27A900D7991C /* Headers */ = {
			isa = PBXHeadersBuildPhase;
			buildActionMask = 2147483647;
			files = (
				5538EE70145A3221008173D8 /* DictionaryList.h in Headers */,
				5538EE73145A3221008173D8 /* Scope.h in Headers */,
				5538EE76145A3221008173D8 /* ParsedURL.h in Headers */,
				5538EE7A145A3221008173D8 /* ClassDescriptor.h in Headers */,
				5538EE80145A3221008173D8 /* ElementState.h in Headers */,
				5538EE86145A3221008173D8 /* FieldDescriptor.h in Headers */,
				5538EE89145A3221008173D8 /* FieldTypes.h in Headers */,
				5538EE8E145A3221008173D8 /* SimplTypesScope.h in Headers */,
				5538EE91145A3221008173D8 /* Mappable.h in Headers */,
				5538EEBE145A3221008173D8 /* Type.h in Headers */,
				5538EEC0145A3221008173D8 /* SimplTools.h in Headers */,
				5538EEC5145A3590008173D8 /* TranslationContext.h in Headers */,
				5538EECA145A35DD008173D8 /* ScalarUnmarshallingContext.h in Headers */,
				5538EECD145A38AC008173D8 /* MultiMap.h in Headers */,
				55F9F81B145A481000F4AFBD /* XmlStreamReader.h in Headers */,
				55F9F82E145B0E9800F4AFBD /* FormatSerializer.h in Headers */,
				55F9F834145B0ECF00F4AFBD /* SimplSerializationPre.h in Headers */,
				55F9F836145B0EF600F4AFBD /* SimplSerializationPost.h in Headers */,
				55F9F842145B0F5100F4AFBD /* StringSerializer.h in Headers */,
				55F9F84C145B0F7300F4AFBD /* XmlSerializer.h in Headers */,
				55F9F851145B0F8600F4AFBD /* JsonSerializer.h in Headers */,
				55F9F856145B0F9D00F4AFBD /* BinarySerializer.h in Headers */,
				55F9F85B145B0FB000F4AFBD /* TlvSerializer.h in Headers */,
				55F9F862145B113D00F4AFBD /* PullDeserializer.h in Headers */,
				55D2C475145F1B9E00CBF4F7 /* XmlPullDeserializer.h in Headers */,
				55D2C47B145F1BB200CBF4F7 /* StringPullDeserializer.h in Headers */,
				55D2C480145F1BC300CBF4F7 /* BinaryPullDeserializer.h in Headers */,
				55D2C485145F1BD700CBF4F7 /* TlvPullDeserializer.h in Headers */,
				55D2C48A145F1E1300CBF4F7 /* SimplDefs.h in Headers */,
				55D2C497145F235900CBF4F7 /* BibtexSerializer.h in Headers */,
				55D2C49B145F391A00CBF4F7 /* DeserializationHookStrategy.h in Headers */,
				55D2C49D145F3E9700CBF4F7 /* SimplDeserializationPre.h in Headers */,
				55D2C49F145F3EA600CBF4F7 /* SimplDeserializationPost.h in Headers */,
				55D0E81A1461BAF900A9F9B8 /* BootstrapConstants.h in Headers */,
				55D0E81E1461BF8900A9F9B8 /* JsonReader.h in Headers */,
				55D0E8431461D45A00A9F9B8 /* Channel.h in Headers */,
				55D0E8461461D45A00A9F9B8 /* Item.h in Headers */,
				55D0E8491461D45A00A9F9B8 /* Rss.h in Headers */,
				55D0E84C1461D45A00A9F9B8 /* RssSimplTypes.h in Headers */,
				55D0E8561461D5FE00A9F9B8 /* JsonPullDeserializer.h in Headers */,
				55D0E85B1461E07A00A9F9B8 /* BootStrap.h in Headers */,
				55A18A3F14675BD90079BC27 /* SimplBaseType.h in Headers */,
				55A18A4514675CB10079BC27 /* DescriptorBase.h in Headers */,
				49EFC2681467883B005E1A6E /* TypeRegistry.h in Headers */,
				49EFC26E14678DB0005E1A6E /* SimplType.h in Headers */,
				49EFC2731467B866005E1A6E /* ScalarType.h in Headers */,
				49EFC2781467BFB4005E1A6E /* IntType.h in Headers */,
				49EFC27D1467BFC4005E1A6E /* FloatType.h in Headers */,
				552E7723146863BC00297B71 /* ReferenceType.h in Headers */,
				552E7728146863DC00297B71 /* StringType.h in Headers */,
				552E772D1468644F00297B71 /* ParsedUrlType.h in Headers */,
				552E773214688F2300297B71 /* CollectionType.h in Headers */,
				5594E897149FCD0500274B9E /* SimplEnum.h in Headers */,
				5594E8A9149FD2F700274B9E /* VisibilityEnum.h in Headers */,
				5594E8FA14A1410400274B9E /* SBJsonTokeniser.h in Headers */,
				5594E8FC14A1410400274B9E /* SBJsonUTF8Stream.h in Headers */,
			);
			runOnlyForDeploymentPostprocessing = 0;
		};
/* End PBXHeadersBuildPhase section */

/* Begin PBXNativeTarget section */
		5538EDF9145A2993008173D8 /* SimplSerializationTests */ = {
			isa = PBXNativeTarget;
			buildConfigurationList = 5538EE1B145A2993008173D8 /* Build configuration list for PBXNativeTarget "SimplSerializationTests" */;
			buildPhases = (
				5538EDF6145A2993008173D8 /* Sources */,
				5538EDF7145A2993008173D8 /* Frameworks */,
				5538EDF8145A2993008173D8 /* Resources */,
			);
			buildRules = (
			);
			dependencies = (
			);
			name = SimplSerializationTests;
			productName = SimplSerializationTests;
			productReference = 5538EDFA145A2993008173D8 /* SimplSerializationTests.app */;
			productType = "com.apple.product-type.application";
		};
		55DDB19D145A27A900D7991C /* SimplSerialization */ = {
			isa = PBXNativeTarget;
			buildConfigurationList = 55DDB1AB145A27A900D7991C /* Build configuration list for PBXNativeTarget "SimplSerialization" */;
			buildPhases = (
				55DDB19A145A27A900D7991C /* Sources */,
				55DDB19B145A27A900D7991C /* Frameworks */,
				55DDB19C145A27A900D7991C /* Headers */,
			);
			buildRules = (
			);
			dependencies = (
			);
			name = SimplSerialization;
			productName = SimplSerialization;
			productReference = 55DDB19E145A27A900D7991C /* libSimplSerialization.a */;
			productType = "com.apple.product-type.library.static";
		};
/* End PBXNativeTarget section */

/* Begin PBXProject section */
		55DDB195145A27A900D7991C /* Project object */ = {
			isa = PBXProject;
			attributes = {
				LastUpgradeCheck = 0420;
				ORGANIZATIONNAME = "Texas A&M University";
			};
			buildConfigurationList = 55DDB198145A27A900D7991C /* Build configuration list for PBXProject "SimplSerialization" */;
			compatibilityVersion = "Xcode 3.2";
			developmentRegion = English;
			hasScannedForEncodings = 0;
			knownRegions = (
				en,
			);
			mainGroup = 55DDB193145A27A900D7991C;
			productRefGroup = 55DDB19F145A27A900D7991C /* Products */;
			projectDirPath = "";
			projectRoot = "";
			targets = (
				55DDB19D145A27A900D7991C /* SimplSerialization */,
				5538EDF9145A2993008173D8 /* SimplSerializationTests */,
			);
		};
/* End PBXProject section */

/* Begin PBXResourcesBuildPhase section */
		5538EDF8145A2993008173D8 /* Resources */ = {
			isa = PBXResourcesBuildPhase;
			buildActionMask = 2147483647;
			files = (
				5538EE06145A2993008173D8 /* InfoPlist.strings in Resources */,
				55D0E8421461D45A00A9F9B8 /* RssSimplTypes.xml in Resources */,
				55759F02149A9A00000F1CE8 /* personTScope.xml in Resources */,
				55759F07149A9CA8000F1CE8 /* facultyTScope.xml in Resources */,
			);
			runOnlyForDeploymentPostprocessing = 0;
		};
/* End PBXResourcesBuildPhase section */

/* Begin PBXSourcesBuildPhase section */
		5538EDF6145A2993008173D8 /* Sources */ = {
			isa = PBXSourcesBuildPhase;
			buildActionMask = 2147483647;
			files = (
				5538EE08145A2993008173D8 /* main.m in Sources */,
				5538EE22145A2B09008173D8 /* MyClass.m in Sources */,
				5538EE72145A3221008173D8 /* DictionaryList.m in Sources */,
				5538EE75145A3221008173D8 /* Scope.m in Sources */,
				5538EE78145A3221008173D8 /* ParsedURL.m in Sources */,
				5538EE7C145A3221008173D8 /* ClassDescriptor.m in Sources */,
				5538EE82145A3221008173D8 /* ElementState.m in Sources */,
				5538EE88145A3221008173D8 /* FieldDescriptor.m in Sources */,
				5538EE90145A3221008173D8 /* SimplTypesScope.m in Sources */,
				5538EEC2145A3221008173D8 /* SimplTools.m in Sources */,
				5538EEC7145A3590008173D8 /* TranslationContext.m in Sources */,
				5538EECF145A38AC008173D8 /* MultiMap.m in Sources */,
				55F9F81D145A481400F4AFBD /* XmlStreamReader.m in Sources */,
				55F9F830145B0E9800F4AFBD /* FormatSerializer.m in Sources */,
				55F9F844145B0F5100F4AFBD /* StringSerializer.m in Sources */,
				55F9F84E145B0F7300F4AFBD /* XmlSerializer.m in Sources */,
				55F9F853145B0F8600F4AFBD /* JsonSerializer.m in Sources */,
				55F9F858145B0F9D00F4AFBD /* BinarySerializer.m in Sources */,
				55F9F85D145B0FB000F4AFBD /* TlvSerializer.m in Sources */,
				55F9F864145B113D00F4AFBD /* PullDeserializer.m in Sources */,
				55D2C477145F1B9E00CBF4F7 /* XmlPullDeserializer.m in Sources */,
				55D2C47D145F1BB200CBF4F7 /* StringPullDeserializer.m in Sources */,
				55D2C482145F1BC300CBF4F7 /* BinaryPullDeserializer.m in Sources */,
				55D2C487145F1BD700CBF4F7 /* TlvPullDeserializer.m in Sources */,
				55D2C499145F235900CBF4F7 /* BibtexSerializer.m in Sources */,
				55D0E8201461BF8900A9F9B8 /* JsonReader.m in Sources */,
				55D0E8451461D45A00A9F9B8 /* Channel.m in Sources */,
				55D0E8481461D45A00A9F9B8 /* Item.m in Sources */,
				55D0E84B1461D45A00A9F9B8 /* Rss.m in Sources */,
				55D0E84E1461D45A00A9F9B8 /* RssSimplTypes.m in Sources */,
				55D0E8531461D4EA00A9F9B8 /* RssTest.m in Sources */,
				55D0E8581461D5FE00A9F9B8 /* JsonPullDeserializer.m in Sources */,
				55D0E85D1461E07A00A9F9B8 /* BootStrap.m in Sources */,
				55A18A4114675BD90079BC27 /* SimplBaseType.m in Sources */,
				55A18A4714675CB10079BC27 /* DescriptorBase.m in Sources */,
				49EFC26A1467883B005E1A6E /* TypeRegistry.m in Sources */,
				49EFC27014678DB0005E1A6E /* SimplType.m in Sources */,
				49EFC2751467B866005E1A6E /* ScalarType.m in Sources */,
				49EFC27A1467BFB4005E1A6E /* IntType.m in Sources */,
				49EFC27F1467BFC4005E1A6E /* FloatType.m in Sources */,
				552E7725146863BC00297B71 /* ReferenceType.m in Sources */,
				552E772A146863DC00297B71 /* StringType.m in Sources */,
				552E772F1468644F00297B71 /* ParsedUrlType.m in Sources */,
				552E773414688F2300297B71 /* CollectionType.m in Sources */,
				55759EA014997D7E000F1CE8 /* ClassA.m in Sources */,
				55759EA114997D7E000F1CE8 /* ClassB.m in Sources */,
				55759EA214997D7E000F1CE8 /* ClassC.m in Sources */,
				55759EA314997D7E000F1CE8 /* ClassD.m in Sources */,
				55759EA414997D7E000F1CE8 /* ClassX.m in Sources */,
				55759EA514997D7E000F1CE8 /* ClassDes.m in Sources */,
				55759EA614997D7E000F1CE8 /* FieldDes.m in Sources */,
				55759EA714997D7E000F1CE8 /* TranslationS.m in Sources */,
				55759EA814997D7E000F1CE8 /* Faculty.m in Sources */,
				55759EA914997D7E000F1CE8 /* Person.m in Sources */,
				55759EAA14997D7E000F1CE8 /* PersonDirectory.m in Sources */,
				55759EAB14997D7E000F1CE8 /* Student.m in Sources */,
				55759EAC14997D7E000F1CE8 /* StudentDirectory.m in Sources */,
				55759EAD14997D7E000F1CE8 /* ScalarCollection.m in Sources */,
				55759EB0149A638B000F1CE8 /* TestingUtils.m in Sources */,
				55759EB3149A862D000F1CE8 /* PersonTest.m in Sources */,
				55759EF7149A8A0F000F1CE8 /* classDTScope.m in Sources */,
				55759EF8149A8A0F000F1CE8 /* facultyTScope.m in Sources */,
				55759EF9149A8A0F000F1CE8 /* personDirectoryTScope.m in Sources */,
				55759EFA149A8A0F000F1CE8 /* personTScope.m in Sources */,
				55759EFB149A8A0F000F1CE8 /* scalarCollectionTScope.m in Sources */,
				55759EFC149A8A0F000F1CE8 /* studentDirectoryTScope.m in Sources */,
				55759EFD149A8A0F000F1CE8 /* studentTScope.m in Sources */,
				55759EFE149A8A0F000F1CE8 /* testingMapWithinMapsTScope.m in Sources */,
				55759F05149A9BF8000F1CE8 /* FacultyTest.m in Sources */,
				5594E8A8149FD2DB00274B9E /* VisibilityEnum.m in Sources */,
				5594E8AB149FD31200274B9E /* SimplEnum.m in Sources */,
				5594E8AE149FD33D00274B9E /* AnotherEnum.m in Sources */,
				5594E8B1149FD3E200274B9E /* EnumTest.m in Sources */,
			);
			runOnlyForDeploymentPostprocessing = 0;
		};
		55DDB19A145A27A900D7991C /* Sources */ = {
			isa = PBXSourcesBuildPhase;
			buildActionMask = 2147483647;
			files = (
				5538EE71145A3221008173D8 /* DictionaryList.m in Sources */,
				5538EE74145A3221008173D8 /* Scope.m in Sources */,
				5538EE77145A3221008173D8 /* ParsedURL.m in Sources */,
				5538EE7B145A3221008173D8 /* ClassDescriptor.m in Sources */,
				5538EE81145A3221008173D8 /* ElementState.m in Sources */,
				5538EE87145A3221008173D8 /* FieldDescriptor.m in Sources */,
				5538EE8F145A3221008173D8 /* SimplTypesScope.m in Sources */,
				5538EEC1145A3221008173D8 /* SimplTools.m in Sources */,
				5538EEC6145A3590008173D8 /* TranslationContext.m in Sources */,
				5538EECE145A38AC008173D8 /* MultiMap.m in Sources */,
				55F9F81C145A481000F4AFBD /* XmlStreamReader.m in Sources */,
				55F9F82F145B0E9800F4AFBD /* FormatSerializer.m in Sources */,
				55F9F843145B0F5100F4AFBD /* StringSerializer.m in Sources */,
				55F9F84D145B0F7300F4AFBD /* XmlSerializer.m in Sources */,
				55F9F852145B0F8600F4AFBD /* JsonSerializer.m in Sources */,
				55F9F857145B0F9D00F4AFBD /* BinarySerializer.m in Sources */,
				55F9F85C145B0FB000F4AFBD /* TlvSerializer.m in Sources */,
				55F9F863145B113D00F4AFBD /* PullDeserializer.m in Sources */,
				55D2C476145F1B9E00CBF4F7 /* XmlPullDeserializer.m in Sources */,
				55D2C47C145F1BB200CBF4F7 /* StringPullDeserializer.m in Sources */,
				55D2C481145F1BC300CBF4F7 /* BinaryPullDeserializer.m in Sources */,
				55D2C486145F1BD700CBF4F7 /* TlvPullDeserializer.m in Sources */,
				55D2C498145F235900CBF4F7 /* BibtexSerializer.m in Sources */,
				55D0E81F1461BF8900A9F9B8 /* JsonReader.m in Sources */,
				55D0E8441461D45A00A9F9B8 /* Channel.m in Sources */,
				55D0E8471461D45A00A9F9B8 /* Item.m in Sources */,
				55D0E84A1461D45A00A9F9B8 /* Rss.m in Sources */,
				55D0E84D1461D45A00A9F9B8 /* RssSimplTypes.m in Sources */,
				55D0E8571461D5FE00A9F9B8 /* JsonPullDeserializer.m in Sources */,
				55D0E85C1461E07A00A9F9B8 /* BootStrap.m in Sources */,
				55A18A4014675BD90079BC27 /* SimplBaseType.m in Sources */,
				55A18A4614675CB10079BC27 /* DescriptorBase.m in Sources */,
				49EFC2691467883B005E1A6E /* TypeRegistry.m in Sources */,
				49EFC26F14678DB0005E1A6E /* SimplType.m in Sources */,
				49EFC2741467B866005E1A6E /* ScalarType.m in Sources */,
				49EFC2791467BFB4005E1A6E /* IntType.m in Sources */,
				49EFC27E1467BFC4005E1A6E /* FloatType.m in Sources */,
				552E7724146863BC00297B71 /* ReferenceType.m in Sources */,
				552E7729146863DC00297B71 /* StringType.m in Sources */,
				552E772E1468644F00297B71 /* ParsedUrlType.m in Sources */,
				552E773314688F2300297B71 /* CollectionType.m in Sources */,
				5594E898149FCD0500274B9E /* SimplEnum.m in Sources */,
				5594E8AA149FD2F900274B9E /* VisibilityEnum.m in Sources */,
				5594E8FB14A1410400274B9E /* SBJsonTokeniser.m in Sources */,
				5594E8FD14A1410400274B9E /* SBJsonUTF8Stream.m in Sources */,
			);
			runOnlyForDeploymentPostprocessing = 0;
		};
/* End PBXSourcesBuildPhase section */

/* Begin PBXVariantGroup section */
		5538EE04145A2993008173D8 /* InfoPlist.strings */ = {
			isa = PBXVariantGroup;
			children = (
				5538EE05145A2993008173D8 /* en */,
			);
			name = InfoPlist.strings;
			sourceTree = "<group>";
		};
/* End PBXVariantGroup section */

/* Begin XCBuildConfiguration section */
		5538EE19145A2993008173D8 /* Debug */ = {
			isa = XCBuildConfiguration;
			buildSettings = {
				"CODE_SIGN_IDENTITY[sdk=iphoneos*]" = "iPhone Developer";
				FRAMEWORK_SEARCH_PATHS = (
					"$(inherited)",
					"\"$(SRCROOT)\"",
				);
				GCC_PRECOMPILE_PREFIX_HEADER = YES;
				GCC_PREFIX_HEADER = "SimplSerializationTests/SimplSerializationTests-Prefix.pch";
				HEADER_SEARCH_PATHS = "${SDKROOT}/usr/include/libxml2/**";
				INFOPLIST_FILE = "SimplSerializationTests/SimplSerializationTests-Info.plist";
				OTHER_LDFLAGS = (
					"-all_load",
					"-ObjC",
				);
				PRODUCT_NAME = "$(TARGET_NAME)";
				TARGETED_DEVICE_FAMILY = "1,2";
				WRAPPER_EXTENSION = app;
			};
			name = Debug;
		};
		5538EE1A145A2993008173D8 /* Release */ = {
			isa = XCBuildConfiguration;
			buildSettings = {
				"CODE_SIGN_IDENTITY[sdk=iphoneos*]" = "iPhone Developer";
				FRAMEWORK_SEARCH_PATHS = (
					"$(inherited)",
					"\"$(SRCROOT)\"",
				);
				GCC_PRECOMPILE_PREFIX_HEADER = YES;
				GCC_PREFIX_HEADER = "SimplSerializationTests/SimplSerializationTests-Prefix.pch";
				HEADER_SEARCH_PATHS = "${SDKROOT}/usr/include/libxml2/**";
				INFOPLIST_FILE = "SimplSerializationTests/SimplSerializationTests-Info.plist";
				OTHER_CFLAGS = "-DNS_BLOCK_ASSERTIONS=1";
				OTHER_LDFLAGS = (
					"-all_load",
					"-ObjC",
				);
				PRODUCT_NAME = "$(TARGET_NAME)";
				TARGETED_DEVICE_FAMILY = "1,2";
				WRAPPER_EXTENSION = app;
			};
			name = Release;
		};
		55DDB1A9145A27A900D7991C /* Debug */ = {
			isa = XCBuildConfiguration;
			buildSettings = {
				ALWAYS_SEARCH_USER_PATHS = NO;
				ARCHS = "$(ARCHS_STANDARD_32_BIT)";
				COPY_PHASE_STRIP = NO;
				GCC_C_LANGUAGE_STANDARD = gnu99;
				GCC_DYNAMIC_NO_PIC = NO;
				GCC_OPTIMIZATION_LEVEL = 0;
				GCC_PREPROCESSOR_DEFINITIONS = (
					"DEBUG=1",
					"$(inherited)",
				);
				GCC_SYMBOLS_PRIVATE_EXTERN = NO;
				GCC_VERSION = com.apple.compilers.llvm.clang.1_0;
				GCC_WARN_ABOUT_MISSING_PROTOTYPES = YES;
				GCC_WARN_ABOUT_RETURN_TYPE = YES;
				GCC_WARN_UNUSED_VARIABLE = YES;
				IPHONEOS_DEPLOYMENT_TARGET = 5.0;
				SDKROOT = iphoneos;
			};
			name = Debug;
		};
		55DDB1AA145A27A900D7991C /* Release */ = {
			isa = XCBuildConfiguration;
			buildSettings = {
				ALWAYS_SEARCH_USER_PATHS = NO;
				ARCHS = "$(ARCHS_STANDARD_32_BIT)";
				COPY_PHASE_STRIP = YES;
				GCC_C_LANGUAGE_STANDARD = gnu99;
				GCC_VERSION = com.apple.compilers.llvm.clang.1_0;
				GCC_WARN_ABOUT_MISSING_PROTOTYPES = YES;
				GCC_WARN_ABOUT_RETURN_TYPE = YES;
				GCC_WARN_UNUSED_VARIABLE = YES;
				IPHONEOS_DEPLOYMENT_TARGET = 5.0;
				SDKROOT = iphoneos;
				VALIDATE_PRODUCT = YES;
			};
			name = Release;
		};
		55DDB1AC145A27A900D7991C /* Debug */ = {
			isa = XCBuildConfiguration;
			buildSettings = {
				DSTROOT = /tmp/SimplSerialization.dst;
				GCC_PRECOMPILE_PREFIX_HEADER = YES;
				GCC_PREFIX_HEADER = "SimplSerialization/SimplSerialization-Prefix.pch";
				HEADER_SEARCH_PATHS = "${SDKROOT}/usr/include/libxml2/**";
				OTHER_LDFLAGS = "-ObjC";
				PRODUCT_NAME = "$(TARGET_NAME)";
				SDKROOT = iphoneos5.0;
				SKIP_INSTALL = YES;
			};
			name = Debug;
		};
		55DDB1AD145A27A900D7991C /* Release */ = {
			isa = XCBuildConfiguration;
			buildSettings = {
				DSTROOT = /tmp/SimplSerialization.dst;
				GCC_PRECOMPILE_PREFIX_HEADER = YES;
				GCC_PREFIX_HEADER = "SimplSerialization/SimplSerialization-Prefix.pch";
				HEADER_SEARCH_PATHS = "${SDKROOT}/usr/include/libxml2/**";
				OTHER_LDFLAGS = "-ObjC";
				PRODUCT_NAME = "$(TARGET_NAME)";
				SDKROOT = iphoneos5.0;
				SKIP_INSTALL = YES;
			};
			name = Release;
		};
/* End XCBuildConfiguration section */

/* Begin XCConfigurationList section */
		5538EE1B145A2993008173D8 /* Build configuration list for PBXNativeTarget "SimplSerializationTests" */ = {
			isa = XCConfigurationList;
			buildConfigurations = (
				5538EE19145A2993008173D8 /* Debug */,
				5538EE1A145A2993008173D8 /* Release */,
			);
			defaultConfigurationIsVisible = 0;
			defaultConfigurationName = Release;
		};
		55DDB198145A27A900D7991C /* Build configuration list for PBXProject "SimplSerialization" */ = {
			isa = XCConfigurationList;
			buildConfigurations = (
				55DDB1A9145A27A900D7991C /* Debug */,
				55DDB1AA145A27A900D7991C /* Release */,
			);
			defaultConfigurationIsVisible = 0;
			defaultConfigurationName = Release;
		};
		55DDB1AB145A27A900D7991C /* Build configuration list for PBXNativeTarget "SimplSerialization" */ = {
			isa = XCConfigurationList;
			buildConfigurations = (
				55DDB1AC145A27A900D7991C /* Debug */,
				55DDB1AD145A27A900D7991C /* Release */,
			);
			defaultConfigurationIsVisible = 0;
			defaultConfigurationName = Release;
		};
/* End XCConfigurationList section */
	};
	rootObject = 55DDB195145A27A900D7991C /* Project object */;
}
